// !$*UTF8*$!
{
	archiveVersion = 1;
	classes = {
	};
	objectVersion = 56;
	objects = {

/* Begin PBXBuildFile section */
		6E92CE462A0838CF0043365D /* AppDelegate.swift in Sources */ = {isa = PBXBuildFile; fileRef = 6E92CE452A0838CF0043365D /* AppDelegate.swift */; };
		6E92CE482A0838CF0043365D /* SceneDelegate.swift in Sources */ = {isa = PBXBuildFile; fileRef = 6E92CE472A0838CF0043365D /* SceneDelegate.swift */; };
		6E92CE4A2A0838CF0043365D /* ViewController.swift in Sources */ = {isa = PBXBuildFile; fileRef = 6E92CE492A0838CF0043365D /* ViewController.swift */; };
		6E92CE4D2A0838CF0043365D /* Main.storyboard in Resources */ = {isa = PBXBuildFile; fileRef = 6E92CE4B2A0838CF0043365D /* Main.storyboard */; };
		6E92CE4F2A0838D00043365D /* Assets.xcassets in Resources */ = {isa = PBXBuildFile; fileRef = 6E92CE4E2A0838D00043365D /* Assets.xcassets */; };
		6E92CE522A0838D00043365D /* LaunchScreen.storyboard in Resources */ = {isa = PBXBuildFile; fileRef = 6E92CE502A0838D00043365D /* LaunchScreen.storyboard */; };
		6E92CE5D2A0838D00043365D /* OCRMobileTests.swift in Sources */ = {isa = PBXBuildFile; fileRef = 6E92CE5C2A0838D00043365D /* OCRMobileTests.swift */; };
		6E92CE672A0838D00043365D /* OCRMobileUITests.swift in Sources */ = {isa = PBXBuildFile; fileRef = 6E92CE662A0838D00043365D /* OCRMobileUITests.swift */; };
		6E92CE692A0838D00043365D /* OCRMobileUITestsLaunchTests.swift in Sources */ = {isa = PBXBuildFile; fileRef = 6E92CE682A0838D00043365D /* OCRMobileUITestsLaunchTests.swift */; };
/* End PBXBuildFile section */

/* Begin PBXContainerItemProxy section */
		6E92CE592A0838D00043365D /* PBXContainerItemProxy */ = {
			isa = PBXContainerItemProxy;
			containerPortal = 6E92CE3A2A0838CF0043365D /* Project object */;
			proxyType = 1;
			remoteGlobalIDString = 6E92CE412A0838CF0043365D;
			remoteInfo = OCRMobile;
		};
		6E92CE632A0838D00043365D /* PBXContainerItemProxy */ = {
			isa = PBXContainerItemProxy;
			containerPortal = 6E92CE3A2A0838CF0043365D /* Project object */;
			proxyType = 1;
			remoteGlobalIDString = 6E92CE412A0838CF0043365D;
			remoteInfo = OCRMobile;
		};
/* End PBXContainerItemProxy section */

/* Begin PBXFileReference section */
		6E92CE422A0838CF0043365D /* OCRMobile.app */ = {isa = PBXFileReference; explicitFileType = wrapper.application; includeInIndex = 0; path = OCRMobile.app; sourceTree = BUILT_PRODUCTS_DIR; };
		6E92CE452A0838CF0043365D /* AppDelegate.swift */ = {isa = PBXFileReference; lastKnownFileType = sourcecode.swift; path = AppDelegate.swift; sourceTree = "<group>"; };
		6E92CE472A0838CF0043365D /* SceneDelegate.swift */ = {isa = PBXFileReference; lastKnownFileType = sourcecode.swift; path = SceneDelegate.swift; sourceTree = "<group>"; };
		6E92CE492A0838CF0043365D /* ViewController.swift */ = {isa = PBXFileReference; lastKnownFileType = sourcecode.swift; path = ViewController.swift; sourceTree = "<group>"; };
		6E92CE4C2A0838CF0043365D /* Base */ = {isa = PBXFileReference; lastKnownFileType = file.storyboard; name = Base; path = Base.lproj/Main.storyboard; sourceTree = "<group>"; };
		6E92CE4E2A0838D00043365D /* Assets.xcassets */ = {isa = PBXFileReference; lastKnownFileType = folder.assetcatalog; path = Assets.xcassets; sourceTree = "<group>"; };
		6E92CE512A0838D00043365D /* Base */ = {isa = PBXFileReference; lastKnownFileType = file.storyboard; name = Base; path = Base.lproj/LaunchScreen.storyboard; sourceTree = "<group>"; };
		6E92CE532A0838D00043365D /* Info.plist */ = {isa = PBXFileReference; lastKnownFileType = text.plist.xml; path = Info.plist; sourceTree = "<group>"; };
		6E92CE582A0838D00043365D /* OCRMobileTests.xctest */ = {isa = PBXFileReference; explicitFileType = wrapper.cfbundle; includeInIndex = 0; path = OCRMobileTests.xctest; sourceTree = BUILT_PRODUCTS_DIR; };
		6E92CE5C2A0838D00043365D /* OCRMobileTests.swift */ = {isa = PBXFileReference; lastKnownFileType = sourcecode.swift; path = OCRMobileTests.swift; sourceTree = "<group>"; };
		6E92CE622A0838D00043365D /* OCRMobileUITests.xctest */ = {isa = PBXFileReference; explicitFileType = wrapper.cfbundle; includeInIndex = 0; path = OCRMobileUITests.xctest; sourceTree = BUILT_PRODUCTS_DIR; };
		6E92CE662A0838D00043365D /* OCRMobileUITests.swift */ = {isa = PBXFileReference; lastKnownFileType = sourcecode.swift; path = OCRMobileUITests.swift; sourceTree = "<group>"; };
		6E92CE682A0838D00043365D /* OCRMobileUITestsLaunchTests.swift */ = {isa = PBXFileReference; lastKnownFileType = sourcecode.swift; path = OCRMobileUITestsLaunchTests.swift; sourceTree = "<group>"; };
/* End PBXFileReference section */

/* Begin PBXFrameworksBuildPhase section */
		6E92CE3F2A0838CF0043365D /* Frameworks */ = {
			isa = PBXFrameworksBuildPhase;
			buildActionMask = 2147483647;
			files = (
			);
			runOnlyForDeploymentPostprocessing = 0;
		};
		6E92CE552A0838D00043365D /* Frameworks */ = {
			isa = PBXFrameworksBuildPhase;
			buildActionMask = 2147483647;
			files = (
			);
			runOnlyForDeploymentPostprocessing = 0;
		};
		6E92CE5F2A0838D00043365D /* Frameworks */ = {
			isa = PBXFrameworksBuildPhase;
			buildActionMask = 2147483647;
			files = (
			);
			runOnlyForDeploymentPostprocessing = 0;
		};
/* End PBXFrameworksBuildPhase section */

/* Begin PBXGroup section */
		6E92CE392A0838CF0043365D = {
			isa = PBXGroup;
			children = (
				6E92CE442A0838CF0043365D /* OCRMobile */,
				6E92CE5B2A0838D00043365D /* OCRMobileTests */,
				6E92CE652A0838D00043365D /* OCRMobileUITests */,
				6E92CE432A0838CF0043365D /* Products */,
			);
			sourceTree = "<group>";
		};
		6E92CE432A0838CF0043365D /* Products */ = {
			isa = PBXGroup;
			children = (
				6E92CE422A0838CF0043365D /* OCRMobile.app */,
				6E92CE582A0838D00043365D /* OCRMobileTests.xctest */,
				6E92CE622A0838D00043365D /* OCRMobileUITests.xctest */,
			);
			name = Products;
			sourceTree = "<group>";
		};
		6E92CE442A0838CF0043365D /* OCRMobile */ = {
			isa = PBXGroup;
			children = (
				6E92CE452A0838CF0043365D /* AppDelegate.swift */,
				6E92CE472A0838CF0043365D /* SceneDelegate.swift */,
				6E92CE492A0838CF0043365D /* ViewController.swift */,
				6E92CE4B2A0838CF0043365D /* Main.storyboard */,
				6E92CE4E2A0838D00043365D /* Assets.xcassets */,
				6E92CE502A0838D00043365D /* LaunchScreen.storyboard */,
				6E92CE532A0838D00043365D /* Info.plist */,
			);
			path = OCRMobile;
			sourceTree = "<group>";
		};
		6E92CE5B2A0838D00043365D /* OCRMobileTests */ = {
			isa = PBXGroup;
			children = (
				6E92CE5C2A0838D00043365D /* OCRMobileTests.swift */,
			);
			path = OCRMobileTests;
			sourceTree = "<group>";
		};
		6E92CE652A0838D00043365D /* OCRMobileUITests */ = {
			isa = PBXGroup;
			children = (
				6E92CE662A0838D00043365D /* OCRMobileUITests.swift */,
				6E92CE682A0838D00043365D /* OCRMobileUITestsLaunchTests.swift */,
			);
			path = OCRMobileUITests;
			sourceTree = "<group>";
		};
/* End PBXGroup section */

/* Begin PBXNativeTarget section */
		6E92CE412A0838CF0043365D /* OCRMobile */ = {
			isa = PBXNativeTarget;
			buildConfigurationList = 6E92CE6C2A0838D00043365D /* Build configuration list for PBXNativeTarget "OCRMobile" */;
			buildPhases = (
				6E92CE3E2A0838CF0043365D /* Sources */,
				6E92CE3F2A0838CF0043365D /* Frameworks */,
				6E92CE402A0838CF0043365D /* Resources */,
			);
			buildRules = (
			);
			dependencies = (
			);
			name = OCRMobile;
			productName = OCRMobile;
			productReference = 6E92CE422A0838CF0043365D /* OCRMobile.app */;
			productType = "com.apple.product-type.application";
		};
		6E92CE572A0838D00043365D /* OCRMobileTests */ = {
			isa = PBXNativeTarget;
			buildConfigurationList = 6E92CE6F2A0838D00043365D /* Build configuration list for PBXNativeTarget "OCRMobileTests" */;
			buildPhases = (
				6E92CE542A0838D00043365D /* Sources */,
				6E92CE552A0838D00043365D /* Frameworks */,
				6E92CE562A0838D00043365D /* Resources */,
			);
			buildRules = (
			);
			dependencies = (
				6E92CE5A2A0838D00043365D /* PBXTargetDependency */,
			);
			name = OCRMobileTests;
			productName = OCRMobileTests;
			productReference = 6E92CE582A0838D00043365D /* OCRMobileTests.xctest */;
			productType = "com.apple.product-type.bundle.unit-test";
		};
		6E92CE612A0838D00043365D /* OCRMobileUITests */ = {
			isa = PBXNativeTarget;
			buildConfigurationList = 6E92CE722A0838D00043365D /* Build configuration list for PBXNativeTarget "OCRMobileUITests" */;
			buildPhases = (
				6E92CE5E2A0838D00043365D /* Sources */,
				6E92CE5F2A0838D00043365D /* Frameworks */,
				6E92CE602A0838D00043365D /* Resources */,
			);
			buildRules = (
			);
			dependencies = (
				6E92CE642A0838D00043365D /* PBXTargetDependency */,
			);
			name = OCRMobileUITests;
			productName = OCRMobileUITests;
			productReference = 6E92CE622A0838D00043365D /* OCRMobileUITests.xctest */;
			productType = "com.apple.product-type.bundle.ui-testing";
		};
/* End PBXNativeTarget section */

/* Begin PBXProject section */
		6E92CE3A2A0838CF0043365D /* Project object */ = {
			isa = PBXProject;
			attributes = {
				BuildIndependentTargetsInParallel = 1;
				LastSwiftUpdateCheck = 1430;
				LastUpgradeCheck = 1430;
				TargetAttributes = {
					6E92CE412A0838CF0043365D = {
						CreatedOnToolsVersion = 14.3;
					};
					6E92CE572A0838D00043365D = {
						CreatedOnToolsVersion = 14.3;
						TestTargetID = 6E92CE412A0838CF0043365D;
					};
					6E92CE612A0838D00043365D = {
						CreatedOnToolsVersion = 14.3;
						TestTargetID = 6E92CE412A0838CF0043365D;
					};
				};
			};
			buildConfigurationList = 6E92CE3D2A0838CF0043365D /* Build configuration list for PBXProject "OCRMobile" */;
			compatibilityVersion = "Xcode 14.0";
			developmentRegion = en;
			hasScannedForEncodings = 0;
			knownRegions = (
				en,
				Base,
			);
			mainGroup = 6E92CE392A0838CF0043365D;
			productRefGroup = 6E92CE432A0838CF0043365D /* Products */;
			projectDirPath = "";
			projectRoot = "";
			targets = (
				6E92CE412A0838CF0043365D /* OCRMobile */,
				6E92CE572A0838D00043365D /* OCRMobileTests */,
				6E92CE612A0838D00043365D /* OCRMobileUITests */,
			);
		};
/* End PBXProject section */

/* Begin PBXResourcesBuildPhase section */
		6E92CE402A0838CF0043365D /* Resources */ = {
			isa = PBXResourcesBuildPhase;
			buildActionMask = 2147483647;
			files = (
				6E92CE522A0838D00043365D /* LaunchScreen.storyboard in Resources */,
				6E92CE4F2A0838D00043365D /* Assets.xcassets in Resources */,
				6E92CE4D2A0838CF0043365D /* Main.storyboard in Resources */,
			);
			runOnlyForDeploymentPostprocessing = 0;
		};
		6E92CE562A0838D00043365D /* Resources */ = {
			isa = PBXResourcesBuildPhase;
			buildActionMask = 2147483647;
			files = (
			);
			runOnlyForDeploymentPostprocessing = 0;
		};
		6E92CE602A0838D00043365D /* Resources */ = {
			isa = PBXResourcesBuildPhase;
			buildActionMask = 2147483647;
			files = (
			);
			runOnlyForDeploymentPostprocessing = 0;
		};
/* End PBXResourcesBuildPhase section */

/* Begin PBXSourcesBuildPhase section */
		6E92CE3E2A0838CF0043365D /* Sources */ = {
			isa = PBXSourcesBuildPhase;
			buildActionMask = 2147483647;
			files = (
				6E92CE4A2A0838CF0043365D /* ViewController.swift in Sources */,
				6E92CE462A0838CF0043365D /* AppDelegate.swift in Sources */,
				6E92CE482A0838CF0043365D /* SceneDelegate.swift in Sources */,
			);
			runOnlyForDeploymentPostprocessing = 0;
		};
		6E92CE542A0838D00043365D /* Sources */ = {
			isa = PBXSourcesBuildPhase;
			buildActionMask = 2147483647;
			files = (
				6E92CE5D2A0838D00043365D /* OCRMobileTests.swift in Sources */,
			);
			runOnlyForDeploymentPostprocessing = 0;
		};
		6E92CE5E2A0838D00043365D /* Sources */ = {
			isa = PBXSourcesBuildPhase;
			buildActionMask = 2147483647;
			files = (
				6E92CE672A0838D00043365D /* OCRMobileUITests.swift in Sources */,
				6E92CE692A0838D00043365D /* OCRMobileUITestsLaunchTests.swift in Sources */,
			);
			runOnlyForDeploymentPostprocessing = 0;
		};
/* End PBXSourcesBuildPhase section */

/* Begin PBXTargetDependency section */
		6E92CE5A2A0838D00043365D /* PBXTargetDependency */ = {
			isa = PBXTargetDependency;
			target = 6E92CE412A0838CF0043365D /* OCRMobile */;
			targetProxy = 6E92CE592A0838D00043365D /* PBXContainerItemProxy */;
		};
		6E92CE642A0838D00043365D /* PBXTargetDependency */ = {
			isa = PBXTargetDependency;
			target = 6E92CE412A0838CF0043365D /* OCRMobile */;
			targetProxy = 6E92CE632A0838D00043365D /* PBXContainerItemProxy */;
		};
/* End PBXTargetDependency section */

/* Begin PBXVariantGroup section */
		6E92CE4B2A0838CF0043365D /* Main.storyboard */ = {
			isa = PBXVariantGroup;
			children = (
				6E92CE4C2A0838CF0043365D /* Base */,
			);
			name = Main.storyboard;
			sourceTree = "<group>";
		};
		6E92CE502A0838D00043365D /* LaunchScreen.storyboard */ = {
			isa = PBXVariantGroup;
			children = (
				6E92CE512A0838D00043365D /* Base */,
			);
			name = LaunchScreen.storyboard;
			sourceTree = "<group>";
		};
/* End PBXVariantGroup section */

/* Begin XCBuildConfiguration section */
		6E92CE6A2A0838D00043365D /* Debug */ = {
			isa = XCBuildConfiguration;
			buildSettings = {
				ALWAYS_SEARCH_USER_PATHS = NO;
				CLANG_ANALYZER_NONNULL = YES;
				CLANG_ANALYZER_NUMBER_OBJECT_CONVERSION = YES_AGGRESSIVE;
				CLANG_CXX_LANGUAGE_STANDARD = "gnu++20";
				CLANG_ENABLE_MODULES = YES;
				CLANG_ENABLE_OBJC_ARC = YES;
				CLANG_ENABLE_OBJC_WEAK = YES;
				CLANG_WARN_BLOCK_CAPTURE_AUTORELEASING = YES;
				CLANG_WARN_BOOL_CONVERSION = YES;
				CLANG_WARN_COMMA = YES;
				CLANG_WARN_CONSTANT_CONVERSION = YES;
				CLANG_WARN_DEPRECATED_OBJC_IMPLEMENTATIONS = YES;
				CLANG_WARN_DIRECT_OBJC_ISA_USAGE = YES_ERROR;
				CLANG_WARN_DOCUMENTATION_COMMENTS = YES;
				CLANG_WARN_EMPTY_BODY = YES;
				CLANG_WARN_ENUM_CONVERSION = YES;
				CLANG_WARN_INFINITE_RECURSION = YES;
				CLANG_WARN_INT_CONVERSION = YES;
				CLANG_WARN_NON_LITERAL_NULL_CONVERSION = YES;
				CLANG_WARN_OBJC_IMPLICIT_RETAIN_SELF = YES;
				CLANG_WARN_OBJC_LITERAL_CONVERSION = YES;
				CLANG_WARN_OBJC_ROOT_CLASS = YES_ERROR;
				CLANG_WARN_QUOTED_INCLUDE_IN_FRAMEWORK_HEADER = YES;
				CLANG_WARN_RANGE_LOOP_ANALYSIS = YES;
				CLANG_WARN_STRICT_PROTOTYPES = YES;
				CLANG_WARN_SUSPICIOUS_MOVE = YES;
				CLANG_WARN_UNGUARDED_AVAILABILITY = YES_AGGRESSIVE;
				CLANG_WARN_UNREACHABLE_CODE = YES;
				CLANG_WARN__DUPLICATE_METHOD_MATCH = YES;
				COPY_PHASE_STRIP = NO;
				DEBUG_INFORMATION_FORMAT = dwarf;
				ENABLE_STRICT_OBJC_MSGSEND = YES;
				ENABLE_TESTABILITY = YES;
				GCC_C_LANGUAGE_STANDARD = gnu11;
				GCC_DYNAMIC_NO_PIC = NO;
				GCC_NO_COMMON_BLOCKS = YES;
				GCC_OPTIMIZATION_LEVEL = 0;
				GCC_PREPROCESSOR_DEFINITIONS = (
					"DEBUG=1",
					"$(inherited)",
				);
				GCC_WARN_64_TO_32_BIT_CONVERSION = YES;
				GCC_WARN_ABOUT_RETURN_TYPE = YES_ERROR;
				GCC_WARN_UNDECLARED_SELECTOR = YES;
				GCC_WARN_UNINITIALIZED_AUTOS = YES_AGGRESSIVE;
				GCC_WARN_UNUSED_FUNCTION = YES;
				GCC_WARN_UNUSED_VARIABLE = YES;
				IPHONEOS_DEPLOYMENT_TARGET = 16.4;
				MTL_ENABLE_DEBUG_INFO = INCLUDE_SOURCE;
				MTL_FAST_MATH = YES;
				ONLY_ACTIVE_ARCH = YES;
				SDKROOT = iphoneos;
				SWIFT_ACTIVE_COMPILATION_CONDITIONS = DEBUG;
				SWIFT_OPTIMIZATION_LEVEL = "-Onone";
			};
			name = Debug;
		};
		6E92CE6B2A0838D00043365D /* Release */ = {
			isa = XCBuildConfiguration;
			buildSettings = {
				ALWAYS_SEARCH_USER_PATHS = NO;
				CLANG_ANALYZER_NONNULL = YES;
				CLANG_ANALYZER_NUMBER_OBJECT_CONVERSION = YES_AGGRESSIVE;
				CLANG_CXX_LANGUAGE_STANDARD = "gnu++20";
				CLANG_ENABLE_MODULES = YES;
				CLANG_ENABLE_OBJC_ARC = YES;
				CLANG_ENABLE_OBJC_WEAK = YES;
				CLANG_WARN_BLOCK_CAPTURE_AUTORELEASING = YES;
				CLANG_WARN_BOOL_CONVERSION = YES;
				CLANG_WARN_COMMA = YES;
				CLANG_WARN_CONSTANT_CONVERSION = YES;
				CLANG_WARN_DEPRECATED_OBJC_IMPLEMENTATIONS = YES;
				CLANG_WARN_DIRECT_OBJC_ISA_USAGE = YES_ERROR;
				CLANG_WARN_DOCUMENTATION_COMMENTS = YES;
				CLANG_WARN_EMPTY_BODY = YES;
				CLANG_WARN_ENUM_CONVERSION = YES;
				CLANG_WARN_INFINITE_RECURSION = YES;
				CLANG_WARN_INT_CONVERSION = YES;
				CLANG_WARN_NON_LITERAL_NULL_CONVERSION = YES;
				CLANG_WARN_OBJC_IMPLICIT_RETAIN_SELF = YES;
				CLANG_WARN_OBJC_LITERAL_CONVERSION = YES;
				CLANG_WARN_OBJC_ROOT_CLASS = YES_ERROR;
				CLANG_WARN_QUOTED_INCLUDE_IN_FRAMEWORK_HEADER = YES;
				CLANG_WARN_RANGE_LOOP_ANALYSIS = YES;
				CLANG_WARN_STRICT_PROTOTYPES = YES;
				CLANG_WARN_SUSPICIOUS_MOVE = YES;
				CLANG_WARN_UNGUARDED_AVAILABILITY = YES_AGGRESSIVE;
				CLANG_WARN_UNREACHABLE_CODE = YES;
				CLANG_WARN__DUPLICATE_METHOD_MATCH = YES;
				COPY_PHASE_STRIP = NO;
				DEBUG_INFORMATION_FORMAT = "dwarf-with-dsym";
				ENABLE_NS_ASSERTIONS = NO;
				ENABLE_STRICT_OBJC_MSGSEND = YES;
				GCC_C_LANGUAGE_STANDARD = gnu11;
				GCC_NO_COMMON_BLOCKS = YES;
				GCC_WARN_64_TO_32_BIT_CONVERSION = YES;
				GCC_WARN_ABOUT_RETURN_TYPE = YES_ERROR;
				GCC_WARN_UNDECLARED_SELECTOR = YES;
				GCC_WARN_UNINITIALIZED_AUTOS = YES_AGGRESSIVE;
				GCC_WARN_UNUSED_FUNCTION = YES;
				GCC_WARN_UNUSED_VARIABLE = YES;
				IPHONEOS_DEPLOYMENT_TARGET = 16.4;
				MTL_ENABLE_DEBUG_INFO = NO;
				MTL_FAST_MATH = YES;
				SDKROOT = iphoneos;
				SWIFT_COMPILATION_MODE = wholemodule;
				SWIFT_OPTIMIZATION_LEVEL = "-O";
				VALIDATE_PRODUCT = YES;
			};
			name = Release;
		};
		6E92CE6D2A0838D00043365D /* Debug */ = {
			isa = XCBuildConfiguration;
			buildSettings = {
				ASSETCATALOG_COMPILER_APPICON_NAME = AppIcon;
				ASSETCATALOG_COMPILER_GLOBAL_ACCENT_COLOR_NAME = AccentColor;
				CODE_SIGN_STYLE = Automatic;
				CURRENT_PROJECT_VERSION = 1;
				DEVELOPMENT_TEAM = 6RYG55F8TD;
				GENERATE_INFOPLIST_FILE = YES;
				INFOPLIST_FILE = OCRMobile/Info.plist;
				INFOPLIST_KEY_UIApplicationSupportsIndirectInputEvents = YES;
				INFOPLIST_KEY_UILaunchStoryboardName = LaunchScreen;
				INFOPLIST_KEY_UIMainStoryboardFile = Main;
				INFOPLIST_KEY_UISupportedInterfaceOrientations_iPad = "UIInterfaceOrientationPortrait UIInterfaceOrientationPortraitUpsideDown UIInterfaceOrientationLandscapeLeft UIInterfaceOrientationLandscapeRight";
				INFOPLIST_KEY_UISupportedInterfaceOrientations_iPhone = "UIInterfaceOrientationPortrait UIInterfaceOrientationLandscapeLeft UIInterfaceOrientationLandscapeRight";
				LD_RUNPATH_SEARCH_PATHS = (
					"$(inherited)",
					"@executable_path/Frameworks",
				);
				MARKETING_VERSION = 1.0;
				PRODUCT_BUNDLE_IDENTIFIER = kenanbylan.OCRMobile;
				PRODUCT_NAME = "$(TARGET_NAME)";
				SWIFT_EMIT_LOC_STRINGS = YES;
				SWIFT_VERSION = 5.0;
				TARGETED_DEVICE_FAMILY = "1,2";
			};
			name = Debug;
		};
		6E92CE6E2A0838D00043365D /* Release */ = {
			isa = XCBuildConfiguration;
			buildSettings = {
				ASSETCATALOG_COMPILER_APPICON_NAME = AppIcon;
				ASSETCATALOG_COMPILER_GLOBAL_ACCENT_COLOR_NAME = AccentColor;
				CODE_SIGN_STYLE = Automatic;
				CURRENT_PROJECT_VERSION = 1;
				DEVELOPMENT_TEAM = 6RYG55F8TD;
				GENERATE_INFOPLIST_FILE = YES;
				INFOPLIST_FILE = OCRMobile/Info.plist;
				INFOPLIST_KEY_UIApplicationSupportsIndirectInputEvents = YES;
				INFOPLIST_KEY_UILaunchStoryboardName = LaunchScreen;
				INFOPLIST_KEY_UIMainStoryboardFile = Main;
				INFOPLIST_KEY_UISupportedInterfaceOrientations_iPad = "UIInterfaceOrientationPortrait UIInterfaceOrientationPortraitUpsideDown UIInterfaceOrientationLandscapeLeft UIInterfaceOrientationLandscapeRight";
				INFOPLIST_KEY_UISupportedInterfaceOrientations_iPhone = "UIInterfaceOrientationPortrait UIInterfaceOrientationLandscapeLeft UIInterfaceOrientationLandscapeRight";
				LD_RUNPATH_SEARCH_PATHS = (
					"$(inherited)",
					"@executable_path/Frameworks",
				);
				MARKETING_VERSION = 1.0;
				PRODUCT_BUNDLE_IDENTIFIER = kenanbylan.OCRMobile;
				PRODUCT_NAME = "$(TARGET_NAME)";
				SWIFT_EMIT_LOC_STRINGS = YES;
				SWIFT_VERSION = 5.0;
				TARGETED_DEVICE_FAMILY = "1,2";
			};
			name = Release;
		};
		6E92CE702A0838D00043365D /* Debug */ = {
			isa = XCBuildConfiguration;
			buildSettings = {
				ALWAYS_EMBED_SWIFT_STANDARD_LIBRARIES = YES;
				BUNDLE_LOADER = "$(TEST_HOST)";
				CODE_SIGN_STYLE = Automatic;
				CURRENT_PROJECT_VERSION = 1;
				DEVELOPMENT_TEAM = 6RYG55F8TD;
				GENERATE_INFOPLIST_FILE = YES;
				IPHONEOS_DEPLOYMENT_TARGET = 16.4;
				MARKETING_VERSION = 1.0;
				PRODUCT_BUNDLE_IDENTIFIER = kenanbylan.OCRMobileTests;
				PRODUCT_NAME = "$(TARGET_NAME)";
				SWIFT_EMIT_LOC_STRINGS = NO;
				SWIFT_VERSION = 5.0;
				TARGETED_DEVICE_FAMILY = "1,2";
				TEST_HOST = "$(BUILT_PRODUCTS_DIR)/OCRMobile.app/$(BUNDLE_EXECUTABLE_FOLDER_PATH)/OCRMobile";
			};
			name = Debug;
		};
		6E92CE712A0838D00043365D /* Release */ = {
			isa = XCBuildConfiguration;
			buildSettings = {
				ALWAYS_EMBED_SWIFT_STANDARD_LIBRARIES = YES;
				BUNDLE_LOADER = "$(TEST_HOST)";
				CODE_SIGN_STYLE = Automatic;
				CURRENT_PROJECT_VERSION = 1;
				DEVELOPMENT_TEAM = 6RYG55F8TD;
				GENERATE_INFOPLIST_FILE = YES;
				IPHONEOS_DEPLOYMENT_TARGET = 16.4;
				MARKETING_VERSION = 1.0;
				PRODUCT_BUNDLE_IDENTIFIER = kenanbylan.OCRMobileTests;
				PRODUCT_NAME = "$(TARGET_NAME)";
				SWIFT_EMIT_LOC_STRINGS = NO;
				SWIFT_VERSION = 5.0;
				TARGETED_DEVICE_FAMILY = "1,2";
				TEST_HOST = "$(BUILT_PRODUCTS_DIR)/OCRMobile.app/$(BUNDLE_EXECUTABLE_FOLDER_PATH)/OCRMobile";
			};
			name = Release;
		};
		6E92CE732A0838D00043365D /* Debug */ = {
			isa = XCBuildConfiguration;
			buildSettings = {
				ALWAYS_EMBED_SWIFT_STANDARD_LIBRARIES = YES;
				CODE_SIGN_STYLE = Automatic;
				CURRENT_PROJECT_VERSION = 1;
				DEVELOPMENT_TEAM = 6RYG55F8TD;
				GENERATE_INFOPLIST_FILE = YES;
				MARKETING_VERSION = 1.0;
				PRODUCT_BUNDLE_IDENTIFIER = kenanbylan.OCRMobileUITests;
				PRODUCT_NAME = "$(TARGET_NAME)";
				SWIFT_EMIT_LOC_STRINGS = NO;
				SWIFT_VERSION = 5.0;
				TARGETED_DEVICE_FAMILY = "1,2";
				TEST_TARGET_NAME = OCRMobile;
			};
			name = Debug;
		};
		6E92CE742A0838D00043365D /* Release */ = {
			isa = XCBuildConfiguration;
			buildSettings = {
				ALWAYS_EMBED_SWIFT_STANDARD_LIBRARIES = YES;
				CODE_SIGN_STYLE = Automatic;
				CURRENT_PROJECT_VERSION = 1;
				DEVELOPMENT_TEAM = 6RYG55F8TD;
				GENERATE_INFOPLIST_FILE = YES;
				MARKETING_VERSION = 1.0;
				PRODUCT_BUNDLE_IDENTIFIER = kenanbylan.OCRMobileUITests;
				PRODUCT_NAME = "$(TARGET_NAME)";
				SWIFT_EMIT_LOC_STRINGS = NO;
				SWIFT_VERSION = 5.0;
				TARGETED_DEVICE_FAMILY = "1,2";
				TEST_TARGET_NAME = OCRMobile;
			};
			name = Release;
		};
/* End XCBuildConfiguration section */

/* Begin XCConfigurationList section */
		6E92CE3D2A0838CF0043365D /* Build configuration list for PBXProject "OCRMobile" */ = {
			isa = XCConfigurationList;
			buildConfigurations = (
				6E92CE6A2A0838D00043365D /* Debug */,
				6E92CE6B2A0838D00043365D /* Release */,
			);
			defaultConfigurationIsVisible = 0;
			defaultConfigurationName = Release;
		};
		6E92CE6C2A0838D00043365D /* Build configuration list for PBXNativeTarget "OCRMobile" */ = {
			isa = XCConfigurationList;
			buildConfigurations = (
				6E92CE6D2A0838D00043365D /* Debug */,
				6E92CE6E2A0838D00043365D /* Release */,
			);
			defaultConfigurationIsVisible = 0;
			defaultConfigurationName = Release;
		};
		6E92CE6F2A0838D00043365D /* Build configuration list for PBXNativeTarget "OCRMobileTests" */ = {
			isa = XCConfigurationList;
			buildConfigurations = (
				6E92CE702A0838D00043365D /* Debug */,
				6E92CE712A0838D00043365D /* Release */,
			);
			defaultConfigurationIsVisible = 0;
			defaultConfigurationName = Release;
		};
		6E92CE722A0838D00043365D /* Build configuration list for PBXNativeTarget "OCRMobileUITests" */ = {
			isa = XCConfigurationList;
			buildConfigurations = (
				6E92CE732A0838D00043365D /* Debug */,
				6E92CE742A0838D00043365D /* Release */,
			);
			defaultConfigurationIsVisible = 0;
			defaultConfigurationName = Release;
		};
/* End XCConfigurationList section */
	};
	rootObject = 6E92CE3A2A0838CF0043365D /* Project object */;
}
