// !$*UTF8*$!
{
	archiveVersion = 1;
	classes = {
	};
	objectVersion = 56;
	objects = {

/* Begin PBXBuildFile section */
		6E03502F2A0D757600ECAD22 /* MainCoordinator.swift in Sources */ = {isa = PBXBuildFile; fileRef = 6E03502E2A0D757600ECAD22 /* MainCoordinator.swift */; };
		6E0350322A0D75AE00ECAD22 /* Coordinator.swift in Sources */ = {isa = PBXBuildFile; fileRef = 6E0350312A0D75AE00ECAD22 /* Coordinator.swift */; };
		6E0350342A0D762D00ECAD22 /* Storyboarded.swift in Sources */ = {isa = PBXBuildFile; fileRef = 6E0350332A0D762D00ECAD22 /* Storyboarded.swift */; };
		6E0350392A0D782300ECAD22 /* ImagetoTextScannerViewController.swift in Sources */ = {isa = PBXBuildFile; fileRef = 6E0350382A0D782300ECAD22 /* ImagetoTextScannerViewController.swift */; };
		6E03503B2A0D790200ECAD22 /* ImageToTextCoordinator.swift in Sources */ = {isa = PBXBuildFile; fileRef = 6E03503A2A0D790200ECAD22 /* ImageToTextCoordinator.swift */; };
		6E03503E2A0D79A700ECAD22 /* AlertViewHelper.swift in Sources */ = {isa = PBXBuildFile; fileRef = 6E03503D2A0D79A700ECAD22 /* AlertViewHelper.swift */; };
		6E0350422A0D7BCA00ECAD22 /* HomeManager.swift in Sources */ = {isa = PBXBuildFile; fileRef = 6E0350412A0D7BCA00ECAD22 /* HomeManager.swift */; };
		6E0350472A0D800C00ECAD22 /* LoadingCoordinator.swift in Sources */ = {isa = PBXBuildFile; fileRef = 6E0350462A0D800C00ECAD22 /* LoadingCoordinator.swift */; };
		6E03504F2A0D891E00ECAD22 /* LoadingViewModel.swift in Sources */ = {isa = PBXBuildFile; fileRef = 6E03504E2A0D891E00ECAD22 /* LoadingViewModel.swift */; };
		6E0350512A0D9F3800ECAD22 /* Auth.storyboard in Resources */ = {isa = PBXBuildFile; fileRef = 6E03504C2A0D82EE00ECAD22 /* Auth.storyboard */; };
		6E0350522A0D9F3D00ECAD22 /* Main.storyboard in Resources */ = {isa = PBXBuildFile; fileRef = 6E03502A2A0D750500ECAD22 /* Main.storyboard */; };
		6E0350582A0DA02C00ECAD22 /* MainTabbarController.swift in Sources */ = {isa = PBXBuildFile; fileRef = 6E0350572A0DA02C00ECAD22 /* MainTabbarController.swift */; };
		6E03505A2A0DA62B00ECAD22 /* LoadingViewController.swift in Sources */ = {isa = PBXBuildFile; fileRef = 6E0350592A0DA62B00ECAD22 /* LoadingViewController.swift */; };
		6E4010DE2A096E230035804F /* NetworkHelper.swift in Sources */ = {isa = PBXBuildFile; fileRef = 6E4010DD2A096E230035804F /* NetworkHelper.swift */; };
		6E4010E02A096E470035804F /* NetworkManager.swift in Sources */ = {isa = PBXBuildFile; fileRef = 6E4010DF2A096E470035804F /* NetworkManager.swift */; };
		6E4010E42A096E8C0035804F /* HomeHelper.swift in Sources */ = {isa = PBXBuildFile; fileRef = 6E4010E32A096E8C0035804F /* HomeHelper.swift */; };
		6E92CE462A0838CF0043365D /* AppDelegate.swift in Sources */ = {isa = PBXBuildFile; fileRef = 6E92CE452A0838CF0043365D /* AppDelegate.swift */; };
		6E92CE482A0838CF0043365D /* SceneDelegate.swift in Sources */ = {isa = PBXBuildFile; fileRef = 6E92CE472A0838CF0043365D /* SceneDelegate.swift */; };
		6E92CE4F2A0838D00043365D /* Assets.xcassets in Resources */ = {isa = PBXBuildFile; fileRef = 6E92CE4E2A0838D00043365D /* Assets.xcassets */; };
		6E92CE522A0838D00043365D /* LaunchScreen.storyboard in Resources */ = {isa = PBXBuildFile; fileRef = 6E92CE502A0838D00043365D /* LaunchScreen.storyboard */; };
		6E92CE5D2A0838D00043365D /* OCRMobileTests.swift in Sources */ = {isa = PBXBuildFile; fileRef = 6E92CE5C2A0838D00043365D /* OCRMobileTests.swift */; };
		6E92CE672A0838D00043365D /* OCRMobileUITests.swift in Sources */ = {isa = PBXBuildFile; fileRef = 6E92CE662A0838D00043365D /* OCRMobileUITests.swift */; };
		6E92CE692A0838D00043365D /* OCRMobileUITestsLaunchTests.swift in Sources */ = {isa = PBXBuildFile; fileRef = 6E92CE682A0838D00043365D /* OCRMobileUITestsLaunchTests.swift */; };
		6EC46BDF2A1E805500849B2C /* HistoryCollectionViewCell.swift in Sources */ = {isa = PBXBuildFile; fileRef = 6EC46BDD2A1E805500849B2C /* HistoryCollectionViewCell.swift */; };
		6EC46BE02A1E805500849B2C /* HistoryCollectionViewCell.xib in Resources */ = {isa = PBXBuildFile; fileRef = 6EC46BDE2A1E805500849B2C /* HistoryCollectionViewCell.xib */; };
		6EC46BE42A1E80B800849B2C /* HistoryViewController.swift in Sources */ = {isa = PBXBuildFile; fileRef = 6EC46BE32A1E80B800849B2C /* HistoryViewController.swift */; };
		6EC46BE62A1F6A4600849B2C /* UITableView + Extension.swift in Sources */ = {isa = PBXBuildFile; fileRef = 6EC46BE52A1F6A4600849B2C /* UITableView + Extension.swift */; };
		6EC46BE82A1F700900849B2C /* NibReuseProtocol.swift in Sources */ = {isa = PBXBuildFile; fileRef = 6EC46BE72A1F700900849B2C /* NibReuseProtocol.swift */; };
		6EC46BEC2A1F97B900849B2C /* History + CoreData.swift in Sources */ = {isa = PBXBuildFile; fileRef = 6EC46BEB2A1F97B900849B2C /* History + CoreData.swift */; };
		6EC46BEE2A1F97F700849B2C /* History + CoreDataProperties.swift in Sources */ = {isa = PBXBuildFile; fileRef = 6EC46BED2A1F97F700849B2C /* History + CoreDataProperties.swift */; };
		6EC46BF32A1F99FC00849B2C /* LanguageTableViewCell.swift in Sources */ = {isa = PBXBuildFile; fileRef = 6EC46BF12A1F99FC00849B2C /* LanguageTableViewCell.swift */; };
		6EC46BF42A1F99FC00849B2C /* LanguageTableViewCell.xib in Resources */ = {isa = PBXBuildFile; fileRef = 6EC46BF22A1F99FC00849B2C /* LanguageTableViewCell.xib */; };
		6EC46BF92A1FA37400849B2C /* CameraScanViewController.swift in Sources */ = {isa = PBXBuildFile; fileRef = 6EC46BF82A1FA37400849B2C /* CameraScanViewController.swift */; };
		6EC46BFE2A20A9FF00849B2C /* HomeViewController.swift in Sources */ = {isa = PBXBuildFile; fileRef = 6EC46BFD2A20A9FF00849B2C /* HomeViewController.swift */; };
		6EC46C002A20BC2700849B2C /* ScanCardView.swift in Sources */ = {isa = PBXBuildFile; fileRef = 6EC46BFF2A20BC2700849B2C /* ScanCardView.swift */; };
		6EC46C022A20CCF000849B2C /* UIView + Extension.swift in Sources */ = {isa = PBXBuildFile; fileRef = 6EC46C012A20CCF000849B2C /* UIView + Extension.swift */; };
		6EC46C042A20D16200849B2C /* HomeCoordinator.swift in Sources */ = {isa = PBXBuildFile; fileRef = 6EC46C032A20D16200849B2C /* HomeCoordinator.swift */; };
		6EC46C062A20F3CC00849B2C /* HomeViewModel.swift in Sources */ = {isa = PBXBuildFile; fileRef = 6EC46C052A20F3CC00849B2C /* HomeViewModel.swift */; };
		6EC6BC6C2A1AAF1300021FA7 /* Recognize.swift in Sources */ = {isa = PBXBuildFile; fileRef = 6EC6BC6B2A1AAF1300021FA7 /* Recognize.swift */; };
		6EC6BC712A1ACD7D00021FA7 /* lottie.json in Resources */ = {isa = PBXBuildFile; fileRef = 6EC6BC702A1ACD7D00021FA7 /* lottie.json */; };
		6EC6BC732A1BAF5C00021FA7 /* SettingsViewController.swift in Sources */ = {isa = PBXBuildFile; fileRef = 6EC6BC722A1BAF5C00021FA7 /* SettingsViewController.swift */; };
		6EC6BC772A1BB0AC00021FA7 /* HistoryCoordinator.swift in Sources */ = {isa = PBXBuildFile; fileRef = 6EC6BC762A1BB0AC00021FA7 /* HistoryCoordinator.swift */; };
		6EC6BC7A2A1BCD5700021FA7 /* CoreData.framework in Frameworks */ = {isa = PBXBuildFile; fileRef = 6EC6BC792A1BCD5700021FA7 /* CoreData.framework */; };
		6EC6BC7D2A1BD23900021FA7 /* ScannedFiles.xcdatamodeld in Sources */ = {isa = PBXBuildFile; fileRef = 6EC6BC7B2A1BD23900021FA7 /* ScannedFiles.xcdatamodeld */; };
		6EC6BC8B2A1BF82C00021FA7 /* HistoryViewModel.swift in Sources */ = {isa = PBXBuildFile; fileRef = 6EC6BC8A2A1BF82C00021FA7 /* HistoryViewModel.swift */; };
		6EC6BC8D2A1BFE6800021FA7 /* CardView.swift in Sources */ = {isa = PBXBuildFile; fileRef = 6EC6BC8C2A1BFE6800021FA7 /* CardView.swift */; };
		6EEF28A22A18F9E60074536D /* AppButton.swift in Sources */ = {isa = PBXBuildFile; fileRef = 6EEF28A12A18F9E60074536D /* AppButton.swift */; };
		6EEF28A42A18FA120074536D /* Constant.swift in Sources */ = {isa = PBXBuildFile; fileRef = 6EEF28A32A18FA120074536D /* Constant.swift */; };
		6EEF28A62A19083D0074536D /* Directory + Extension.swift in Sources */ = {isa = PBXBuildFile; fileRef = 6EEF28A52A19083D0074536D /* Directory + Extension.swift */; };
		6EEF28A82A194C270074536D /* Languages.swift in Sources */ = {isa = PBXBuildFile; fileRef = 6EEF28A72A194C270074536D /* Languages.swift */; };
		6EEF28AD2A195D150074536D /* LanguageViewController.swift in Sources */ = {isa = PBXBuildFile; fileRef = 6EEF28AC2A195D150074536D /* LanguageViewController.swift */; };
		6EEF28AF2A195E2A0074536D /* ImageToTextScannerViewModel.swift in Sources */ = {isa = PBXBuildFile; fileRef = 6EEF28AE2A195E2A0074536D /* ImageToTextScannerViewModel.swift */; };
		6EEF28B62A196AF50074536D /* UImageView + Extension.swift in Sources */ = {isa = PBXBuildFile; fileRef = 6EEF28B52A196AF50074536D /* UImageView + Extension.swift */; };
		B2228608E6C59203FFBC5DAA /* Pods_OCRMobile_OCRMobileUITests.framework in Frameworks */ = {isa = PBXBuildFile; fileRef = 789529E353ECA094C73C1641 /* Pods_OCRMobile_OCRMobileUITests.framework */; };
		E2B6546A00160858B986534B /* Pods_OCRMobile.framework in Frameworks */ = {isa = PBXBuildFile; fileRef = EBD7FC3D56314949EB61B2EF /* Pods_OCRMobile.framework */; };
		FB03C2D52EAE6FA835395872 /* Pods_OCRMobileTests.framework in Frameworks */ = {isa = PBXBuildFile; fileRef = F8CE168D68AF38DFD2CE5093 /* Pods_OCRMobileTests.framework */; };
/* End PBXBuildFile section */

/* Begin PBXContainerItemProxy section */
		6E92CE592A0838D00043365D /* PBXContainerItemProxy */ = {
			isa = PBXContainerItemProxy;
			containerPortal = 6E92CE3A2A0838CF0043365D /* Project object */;
			proxyType = 1;
			remoteGlobalIDString = 6E92CE412A0838CF0043365D;
			remoteInfo = OCRMobile;
		};
		6E92CE632A0838D00043365D /* PBXContainerItemProxy */ = {
			isa = PBXContainerItemProxy;
			containerPortal = 6E92CE3A2A0838CF0043365D /* Project object */;
			proxyType = 1;
			remoteGlobalIDString = 6E92CE412A0838CF0043365D;
			remoteInfo = OCRMobile;
		};
/* End PBXContainerItemProxy section */

/* Begin PBXFileReference section */
		2E396C25E4A98EED9BC3B53B /* Pods-OCRMobile-OCRMobileUITests.release.xcconfig */ = {isa = PBXFileReference; includeInIndex = 1; lastKnownFileType = text.xcconfig; name = "Pods-OCRMobile-OCRMobileUITests.release.xcconfig"; path = "Target Support Files/Pods-OCRMobile-OCRMobileUITests/Pods-OCRMobile-OCRMobileUITests.release.xcconfig"; sourceTree = "<group>"; };
		2EF480CA4FE07A8320279085 /* Pods-OCRMobile-OCRMobileUITests.debug.xcconfig */ = {isa = PBXFileReference; includeInIndex = 1; lastKnownFileType = text.xcconfig; name = "Pods-OCRMobile-OCRMobileUITests.debug.xcconfig"; path = "Target Support Files/Pods-OCRMobile-OCRMobileUITests/Pods-OCRMobile-OCRMobileUITests.debug.xcconfig"; sourceTree = "<group>"; };
		6E03502A2A0D750500ECAD22 /* Main.storyboard */ = {isa = PBXFileReference; lastKnownFileType = file.storyboard; path = Main.storyboard; sourceTree = "<group>"; };
		6E03502E2A0D757600ECAD22 /* MainCoordinator.swift */ = {isa = PBXFileReference; lastKnownFileType = sourcecode.swift; path = MainCoordinator.swift; sourceTree = "<group>"; };
		6E0350312A0D75AE00ECAD22 /* Coordinator.swift */ = {isa = PBXFileReference; lastKnownFileType = sourcecode.swift; path = Coordinator.swift; sourceTree = "<group>"; };
		6E0350332A0D762D00ECAD22 /* Storyboarded.swift */ = {isa = PBXFileReference; lastKnownFileType = sourcecode.swift; path = Storyboarded.swift; sourceTree = "<group>"; };
		6E0350382A0D782300ECAD22 /* ImagetoTextScannerViewController.swift */ = {isa = PBXFileReference; lastKnownFileType = sourcecode.swift; path = ImagetoTextScannerViewController.swift; sourceTree = "<group>"; };
		6E03503A2A0D790200ECAD22 /* ImageToTextCoordinator.swift */ = {isa = PBXFileReference; lastKnownFileType = sourcecode.swift; path = ImageToTextCoordinator.swift; sourceTree = "<group>"; };
		6E03503D2A0D79A700ECAD22 /* AlertViewHelper.swift */ = {isa = PBXFileReference; lastKnownFileType = sourcecode.swift; path = AlertViewHelper.swift; sourceTree = "<group>"; };
		6E0350412A0D7BCA00ECAD22 /* HomeManager.swift */ = {isa = PBXFileReference; lastKnownFileType = sourcecode.swift; path = HomeManager.swift; sourceTree = "<group>"; };
		6E0350462A0D800C00ECAD22 /* LoadingCoordinator.swift */ = {isa = PBXFileReference; lastKnownFileType = sourcecode.swift; path = LoadingCoordinator.swift; sourceTree = "<group>"; };
		6E03504C2A0D82EE00ECAD22 /* Auth.storyboard */ = {isa = PBXFileReference; lastKnownFileType = file.storyboard; path = Auth.storyboard; sourceTree = "<group>"; };
		6E03504E2A0D891E00ECAD22 /* LoadingViewModel.swift */ = {isa = PBXFileReference; lastKnownFileType = sourcecode.swift; path = LoadingViewModel.swift; sourceTree = "<group>"; };
		6E0350572A0DA02C00ECAD22 /* MainTabbarController.swift */ = {isa = PBXFileReference; lastKnownFileType = sourcecode.swift; path = MainTabbarController.swift; sourceTree = "<group>"; };
		6E0350592A0DA62B00ECAD22 /* LoadingViewController.swift */ = {isa = PBXFileReference; lastKnownFileType = sourcecode.swift; path = LoadingViewController.swift; sourceTree = "<group>"; };
		6E4010DD2A096E230035804F /* NetworkHelper.swift */ = {isa = PBXFileReference; lastKnownFileType = sourcecode.swift; path = NetworkHelper.swift; sourceTree = "<group>"; };
		6E4010DF2A096E470035804F /* NetworkManager.swift */ = {isa = PBXFileReference; lastKnownFileType = sourcecode.swift; path = NetworkManager.swift; sourceTree = "<group>"; };
		6E4010E32A096E8C0035804F /* HomeHelper.swift */ = {isa = PBXFileReference; fileEncoding = 4; lastKnownFileType = sourcecode.swift; path = HomeHelper.swift; sourceTree = "<group>"; };
		6E92CE422A0838CF0043365D /* OCRMobile.app */ = {isa = PBXFileReference; explicitFileType = wrapper.application; includeInIndex = 0; path = OCRMobile.app; sourceTree = BUILT_PRODUCTS_DIR; };
		6E92CE452A0838CF0043365D /* AppDelegate.swift */ = {isa = PBXFileReference; lastKnownFileType = sourcecode.swift; path = AppDelegate.swift; sourceTree = "<group>"; };
		6E92CE472A0838CF0043365D /* SceneDelegate.swift */ = {isa = PBXFileReference; lastKnownFileType = sourcecode.swift; path = SceneDelegate.swift; sourceTree = "<group>"; };
		6E92CE4E2A0838D00043365D /* Assets.xcassets */ = {isa = PBXFileReference; lastKnownFileType = folder.assetcatalog; path = Assets.xcassets; sourceTree = "<group>"; };
		6E92CE512A0838D00043365D /* Base */ = {isa = PBXFileReference; lastKnownFileType = file.storyboard; name = Base; path = Base.lproj/LaunchScreen.storyboard; sourceTree = "<group>"; };
		6E92CE532A0838D00043365D /* Info.plist */ = {isa = PBXFileReference; lastKnownFileType = text.plist.xml; path = Info.plist; sourceTree = "<group>"; };
		6E92CE582A0838D00043365D /* OCRMobileTests.xctest */ = {isa = PBXFileReference; explicitFileType = wrapper.cfbundle; includeInIndex = 0; path = OCRMobileTests.xctest; sourceTree = BUILT_PRODUCTS_DIR; };
		6E92CE5C2A0838D00043365D /* OCRMobileTests.swift */ = {isa = PBXFileReference; lastKnownFileType = sourcecode.swift; path = OCRMobileTests.swift; sourceTree = "<group>"; };
		6E92CE622A0838D00043365D /* OCRMobileUITests.xctest */ = {isa = PBXFileReference; explicitFileType = wrapper.cfbundle; includeInIndex = 0; path = OCRMobileUITests.xctest; sourceTree = BUILT_PRODUCTS_DIR; };
		6E92CE662A0838D00043365D /* OCRMobileUITests.swift */ = {isa = PBXFileReference; lastKnownFileType = sourcecode.swift; path = OCRMobileUITests.swift; sourceTree = "<group>"; };
		6E92CE682A0838D00043365D /* OCRMobileUITestsLaunchTests.swift */ = {isa = PBXFileReference; lastKnownFileType = sourcecode.swift; path = OCRMobileUITestsLaunchTests.swift; sourceTree = "<group>"; };
		6E984DFF2A09153C007D2E41 /* Poppins-Bold.ttf */ = {isa = PBXFileReference; lastKnownFileType = file; path = "Poppins-Bold.ttf"; sourceTree = "<group>"; };
		6E984E012A09154E007D2E41 /* Poppins-ExtraBold.ttf */ = {isa = PBXFileReference; lastKnownFileType = file; path = "Poppins-ExtraBold.ttf"; sourceTree = "<group>"; };
		6E984E022A09155B007D2E41 /* Poppins-Regular.ttf */ = {isa = PBXFileReference; lastKnownFileType = file; path = "Poppins-Regular.ttf"; sourceTree = "<group>"; };
		6E984E032A09155B007D2E41 /* Poppins-Medium.ttf */ = {isa = PBXFileReference; lastKnownFileType = file; path = "Poppins-Medium.ttf"; sourceTree = "<group>"; };
		6E984E042A091566007D2E41 /* Poppins-SemiBold.ttf */ = {isa = PBXFileReference; lastKnownFileType = file; path = "Poppins-SemiBold.ttf"; sourceTree = "<group>"; };
		6EC46BDD2A1E805500849B2C /* HistoryCollectionViewCell.swift */ = {isa = PBXFileReference; lastKnownFileType = sourcecode.swift; path = HistoryCollectionViewCell.swift; sourceTree = "<group>"; };
		6EC46BDE2A1E805500849B2C /* HistoryCollectionViewCell.xib */ = {isa = PBXFileReference; lastKnownFileType = file.xib; path = HistoryCollectionViewCell.xib; sourceTree = "<group>"; };
		6EC46BE32A1E80B800849B2C /* HistoryViewController.swift */ = {isa = PBXFileReference; lastKnownFileType = sourcecode.swift; path = HistoryViewController.swift; sourceTree = "<group>"; };
		6EC46BE52A1F6A4600849B2C /* UITableView + Extension.swift */ = {isa = PBXFileReference; lastKnownFileType = sourcecode.swift; path = "UITableView + Extension.swift"; sourceTree = "<group>"; };
		6EC46BE72A1F700900849B2C /* NibReuseProtocol.swift */ = {isa = PBXFileReference; lastKnownFileType = sourcecode.swift; path = NibReuseProtocol.swift; sourceTree = "<group>"; };
		6EC46BEB2A1F97B900849B2C /* History + CoreData.swift */ = {isa = PBXFileReference; lastKnownFileType = sourcecode.swift; path = "History + CoreData.swift"; sourceTree = "<group>"; };
		6EC46BED2A1F97F700849B2C /* History + CoreDataProperties.swift */ = {isa = PBXFileReference; lastKnownFileType = sourcecode.swift; path = "History + CoreDataProperties.swift"; sourceTree = "<group>"; };
		6EC46BF12A1F99FC00849B2C /* LanguageTableViewCell.swift */ = {isa = PBXFileReference; lastKnownFileType = sourcecode.swift; path = LanguageTableViewCell.swift; sourceTree = "<group>"; };
		6EC46BF22A1F99FC00849B2C /* LanguageTableViewCell.xib */ = {isa = PBXFileReference; lastKnownFileType = file.xib; path = LanguageTableViewCell.xib; sourceTree = "<group>"; };
		6EC46BF82A1FA37400849B2C /* CameraScanViewController.swift */ = {isa = PBXFileReference; lastKnownFileType = sourcecode.swift; path = CameraScanViewController.swift; sourceTree = "<group>"; };
		6EC46BFD2A20A9FF00849B2C /* HomeViewController.swift */ = {isa = PBXFileReference; lastKnownFileType = sourcecode.swift; path = HomeViewController.swift; sourceTree = "<group>"; };
		6EC46BFF2A20BC2700849B2C /* ScanCardView.swift */ = {isa = PBXFileReference; lastKnownFileType = sourcecode.swift; path = ScanCardView.swift; sourceTree = "<group>"; };
		6EC46C012A20CCF000849B2C /* UIView + Extension.swift */ = {isa = PBXFileReference; lastKnownFileType = sourcecode.swift; path = "UIView + Extension.swift"; sourceTree = "<group>"; };
		6EC46C032A20D16200849B2C /* HomeCoordinator.swift */ = {isa = PBXFileReference; lastKnownFileType = sourcecode.swift; path = HomeCoordinator.swift; sourceTree = "<group>"; };
		6EC46C052A20F3CC00849B2C /* HomeViewModel.swift */ = {isa = PBXFileReference; lastKnownFileType = sourcecode.swift; name = HomeViewModel.swift; path = OCRMobile/Scene/Main/Home/HomeViewModel.swift; sourceTree = SOURCE_ROOT; };
		6EC6BC6B2A1AAF1300021FA7 /* Recognize.swift */ = {isa = PBXFileReference; lastKnownFileType = sourcecode.swift; path = Recognize.swift; sourceTree = "<group>"; };
		6EC6BC702A1ACD7D00021FA7 /* lottie.json */ = {isa = PBXFileReference; fileEncoding = 4; lastKnownFileType = text.json; path = lottie.json; sourceTree = "<group>"; };
		6EC6BC722A1BAF5C00021FA7 /* SettingsViewController.swift */ = {isa = PBXFileReference; lastKnownFileType = sourcecode.swift; path = SettingsViewController.swift; sourceTree = "<group>"; };
		6EC6BC762A1BB0AC00021FA7 /* HistoryCoordinator.swift */ = {isa = PBXFileReference; lastKnownFileType = sourcecode.swift; path = HistoryCoordinator.swift; sourceTree = "<group>"; };
		6EC6BC792A1BCD5700021FA7 /* CoreData.framework */ = {isa = PBXFileReference; lastKnownFileType = wrapper.framework; name = CoreData.framework; path = System/Library/Frameworks/CoreData.framework; sourceTree = SDKROOT; };
		6EC6BC7C2A1BD23900021FA7 /* ScannedFiles.xcdatamodel */ = {isa = PBXFileReference; lastKnownFileType = wrapper.xcdatamodel; path = ScannedFiles.xcdatamodel; sourceTree = "<group>"; };
		6EC6BC8A2A1BF82C00021FA7 /* HistoryViewModel.swift */ = {isa = PBXFileReference; lastKnownFileType = sourcecode.swift; path = HistoryViewModel.swift; sourceTree = "<group>"; };
		6EC6BC8C2A1BFE6800021FA7 /* CardView.swift */ = {isa = PBXFileReference; fileEncoding = 4; lastKnownFileType = sourcecode.swift; name = CardView.swift; path = "../../../Invio Task /InvioTask/CustomViews/Cells/CardView.swift"; sourceTree = "<group>"; };
		6EEF28A12A18F9E60074536D /* AppButton.swift */ = {isa = PBXFileReference; lastKnownFileType = sourcecode.swift; path = AppButton.swift; sourceTree = "<group>"; };
		6EEF28A32A18FA120074536D /* Constant.swift */ = {isa = PBXFileReference; lastKnownFileType = sourcecode.swift; path = Constant.swift; sourceTree = "<group>"; };
		6EEF28A52A19083D0074536D /* Directory + Extension.swift */ = {isa = PBXFileReference; lastKnownFileType = sourcecode.swift; path = "Directory + Extension.swift"; sourceTree = "<group>"; };
		6EEF28A72A194C270074536D /* Languages.swift */ = {isa = PBXFileReference; lastKnownFileType = sourcecode.swift; path = Languages.swift; sourceTree = "<group>"; };
		6EEF28AC2A195D150074536D /* LanguageViewController.swift */ = {isa = PBXFileReference; lastKnownFileType = sourcecode.swift; path = LanguageViewController.swift; sourceTree = "<group>"; };
		6EEF28AE2A195E2A0074536D /* ImageToTextScannerViewModel.swift */ = {isa = PBXFileReference; lastKnownFileType = sourcecode.swift; path = ImageToTextScannerViewModel.swift; sourceTree = "<group>"; };
		6EEF28B52A196AF50074536D /* UImageView + Extension.swift */ = {isa = PBXFileReference; lastKnownFileType = sourcecode.swift; path = "UImageView + Extension.swift"; sourceTree = "<group>"; };
		6F59003DF276968CE570A1D1 /* Pods-OCRMobileTests.release.xcconfig */ = {isa = PBXFileReference; includeInIndex = 1; lastKnownFileType = text.xcconfig; name = "Pods-OCRMobileTests.release.xcconfig"; path = "Target Support Files/Pods-OCRMobileTests/Pods-OCRMobileTests.release.xcconfig"; sourceTree = "<group>"; };
		7729973A20815E55420FD611 /* Pods-OCRMobile.debug.xcconfig */ = {isa = PBXFileReference; includeInIndex = 1; lastKnownFileType = text.xcconfig; name = "Pods-OCRMobile.debug.xcconfig"; path = "Target Support Files/Pods-OCRMobile/Pods-OCRMobile.debug.xcconfig"; sourceTree = "<group>"; };
		789529E353ECA094C73C1641 /* Pods_OCRMobile_OCRMobileUITests.framework */ = {isa = PBXFileReference; explicitFileType = wrapper.framework; includeInIndex = 0; path = Pods_OCRMobile_OCRMobileUITests.framework; sourceTree = BUILT_PRODUCTS_DIR; };
		EBB0FA651057E7B4DA5EF01F /* Pods-OCRMobileTests.debug.xcconfig */ = {isa = PBXFileReference; includeInIndex = 1; lastKnownFileType = text.xcconfig; name = "Pods-OCRMobileTests.debug.xcconfig"; path = "Target Support Files/Pods-OCRMobileTests/Pods-OCRMobileTests.debug.xcconfig"; sourceTree = "<group>"; };
		EBD7FC3D56314949EB61B2EF /* Pods_OCRMobile.framework */ = {isa = PBXFileReference; explicitFileType = wrapper.framework; includeInIndex = 0; path = Pods_OCRMobile.framework; sourceTree = BUILT_PRODUCTS_DIR; };
		F584D100BF68C44D0F162A00 /* Pods-OCRMobile.release.xcconfig */ = {isa = PBXFileReference; includeInIndex = 1; lastKnownFileType = text.xcconfig; name = "Pods-OCRMobile.release.xcconfig"; path = "Target Support Files/Pods-OCRMobile/Pods-OCRMobile.release.xcconfig"; sourceTree = "<group>"; };
		F8CE168D68AF38DFD2CE5093 /* Pods_OCRMobileTests.framework */ = {isa = PBXFileReference; explicitFileType = wrapper.framework; includeInIndex = 0; path = Pods_OCRMobileTests.framework; sourceTree = BUILT_PRODUCTS_DIR; };
/* End PBXFileReference section */

/* Begin PBXFrameworksBuildPhase section */
		6E92CE3F2A0838CF0043365D /* Frameworks */ = {
			isa = PBXFrameworksBuildPhase;
			buildActionMask = 2147483647;
			files = (
				E2B6546A00160858B986534B /* Pods_OCRMobile.framework in Frameworks */,
				6EC6BC7A2A1BCD5700021FA7 /* CoreData.framework in Frameworks */,
			);
			runOnlyForDeploymentPostprocessing = 0;
		};
		6E92CE552A0838D00043365D /* Frameworks */ = {
			isa = PBXFrameworksBuildPhase;
			buildActionMask = 2147483647;
			files = (
				FB03C2D52EAE6FA835395872 /* Pods_OCRMobileTests.framework in Frameworks */,
			);
			runOnlyForDeploymentPostprocessing = 0;
		};
		6E92CE5F2A0838D00043365D /* Frameworks */ = {
			isa = PBXFrameworksBuildPhase;
			buildActionMask = 2147483647;
			files = (
				B2228608E6C59203FFBC5DAA /* Pods_OCRMobile_OCRMobileUITests.framework in Frameworks */,
			);
			runOnlyForDeploymentPostprocessing = 0;
		};
/* End PBXFrameworksBuildPhase section */

/* Begin PBXGroup section */
		059007F8AFA887C572A653F8 /* Frameworks */ = {
			isa = PBXGroup;
			children = (
				6EC6BC792A1BCD5700021FA7 /* CoreData.framework */,
				EBD7FC3D56314949EB61B2EF /* Pods_OCRMobile.framework */,
				789529E353ECA094C73C1641 /* Pods_OCRMobile_OCRMobileUITests.framework */,
				F8CE168D68AF38DFD2CE5093 /* Pods_OCRMobileTests.framework */,
			);
			name = Frameworks;
			sourceTree = "<group>";
		};
		6E0350272A0D74BE00ECAD22 /* ImageToText */ = {
			isa = PBXGroup;
			children = (
				6E03503A2A0D790200ECAD22 /* ImageToTextCoordinator.swift */,
				6E0350372A0D780F00ECAD22 /* ViewModel */,
				6E0350352A0D780000ECAD22 /* View */,
				6E0350282A0D74C200ECAD22 /* History */,
			);
			path = ImageToText;
			sourceTree = "<group>";
		};
		6E0350282A0D74C200ECAD22 /* History */ = {
			isa = PBXGroup;
			children = (
				6EC6BC762A1BB0AC00021FA7 /* HistoryCoordinator.swift */,
				6EC6BC752A1BB07B00021FA7 /* ViewModel */,
				6EC6BC742A1BB07500021FA7 /* View */,
			);
			path = History;
			sourceTree = "<group>";
		};
		6E0350292A0D74CC00ECAD22 /* Settings */ = {
			isa = PBXGroup;
			children = (
				6EC6BC972A1CE1DB00021FA7 /* ViewModel */,
				6EC6BC962A1CE1D300021FA7 /* View */,
			);
			path = Settings;
			sourceTree = "<group>";
		};
		6E0350302A0D75A000ECAD22 /* Coordinator */ = {
			isa = PBXGroup;
			children = (
				6E0350312A0D75AE00ECAD22 /* Coordinator.swift */,
				6E0350332A0D762D00ECAD22 /* Storyboarded.swift */,
			);
			path = Coordinator;
			sourceTree = "<group>";
		};
		6E0350352A0D780000ECAD22 /* View */ = {
			isa = PBXGroup;
			children = (
				6E0350382A0D782300ECAD22 /* ImagetoTextScannerViewController.swift */,
				6EEF28AC2A195D150074536D /* LanguageViewController.swift */,
			);
			path = View;
			sourceTree = "<group>";
		};
		6E0350372A0D780F00ECAD22 /* ViewModel */ = {
			isa = PBXGroup;
			children = (
				6EEF28AE2A195E2A0074536D /* ImageToTextScannerViewModel.swift */,
			);
			path = ViewModel;
			sourceTree = "<group>";
		};
		6E03503C2A0D799500ECAD22 /* Util */ = {
			isa = PBXGroup;
			children = (
				6E03503D2A0D79A700ECAD22 /* AlertViewHelper.swift */,
				6EEF28A32A18FA120074536D /* Constant.swift */,
			);
			path = Util;
			sourceTree = "<group>";
		};
		6E0350432A0D7C6100ECAD22 /* Model */ = {
			isa = PBXGroup;
			children = (
				6EC46BED2A1F97F700849B2C /* History + CoreDataProperties.swift */,
				6EC46BEB2A1F97B900849B2C /* History + CoreData.swift */,
				6EEF28A72A194C270074536D /* Languages.swift */,
				6EC6BC6B2A1AAF1300021FA7 /* Recognize.swift */,
			);
			path = Model;
			sourceTree = "<group>";
		};
		6E0350482A0D827B00ECAD22 /* ViewModel */ = {
			isa = PBXGroup;
			children = (
				6E03504E2A0D891E00ECAD22 /* LoadingViewModel.swift */,
			);
			path = ViewModel;
			sourceTree = "<group>";
		};
		6E03504A2A0D828F00ECAD22 /* View */ = {
			isa = PBXGroup;
			children = (
				6E0350592A0DA62B00ECAD22 /* LoadingViewController.swift */,
			);
			name = View;
			path = "vİEW";
			sourceTree = "<group>";
		};
		6E03504B2A0D82D400ECAD22 /* Auth */ = {
			isa = PBXGroup;
			children = (
				6E03504C2A0D82EE00ECAD22 /* Auth.storyboard */,
				6E92CE7A2A08500C0043365D /* Loading */,
			);
			path = Auth;
			sourceTree = "<group>";
		};
		6E4010DB2A096DA90035804F /* Home */ = {
			isa = PBXGroup;
			children = (
				6E4010E32A096E8C0035804F /* HomeHelper.swift */,
				6E0350412A0D7BCA00ECAD22 /* HomeManager.swift */,
			);
			path = Home;
			sourceTree = "<group>";
		};
		6E4010DC2A096E140035804F /* Core */ = {
			isa = PBXGroup;
			children = (
				6E4010DD2A096E230035804F /* NetworkHelper.swift */,
				6E4010DF2A096E470035804F /* NetworkManager.swift */,
			);
			path = Core;
			sourceTree = "<group>";
		};
		6E92CE392A0838CF0043365D = {
			isa = PBXGroup;
			children = (
				6E92CE442A0838CF0043365D /* OCRMobile */,
				6E92CE5B2A0838D00043365D /* OCRMobileTests */,
				6E92CE652A0838D00043365D /* OCRMobileUITests */,
				6E92CE432A0838CF0043365D /* Products */,
				756650A3FDD317EE9B80596E /* Pods */,
				059007F8AFA887C572A653F8 /* Frameworks */,
			);
			sourceTree = "<group>";
		};
		6E92CE432A0838CF0043365D /* Products */ = {
			isa = PBXGroup;
			children = (
				6E92CE422A0838CF0043365D /* OCRMobile.app */,
				6E92CE582A0838D00043365D /* OCRMobileTests.xctest */,
				6E92CE622A0838D00043365D /* OCRMobileUITests.xctest */,
			);
			name = Products;
			sourceTree = "<group>";
		};
		6E92CE442A0838CF0043365D /* OCRMobile */ = {
			isa = PBXGroup;
			children = (
				6E984DFE2A0914D6007D2E41 /* Assets */,
				6E92CE772A084F3E0043365D /* Extension */,
				6E92CE762A084F370043365D /* Network */,
				6E03503C2A0D799500ECAD22 /* Util */,
				6E0350302A0D75A000ECAD22 /* Coordinator */,
				6EEF28A02A18F9C70074536D /* Custom Component */,
				6E0350432A0D7C6100ECAD22 /* Model */,
				6E92CE752A084F2C0043365D /* Scene */,
				6E92CE452A0838CF0043365D /* AppDelegate.swift */,
				6E92CE472A0838CF0043365D /* SceneDelegate.swift */,
				6E984E032A09155B007D2E41 /* Poppins-Medium.ttf */,
				6E92CE4E2A0838D00043365D /* Assets.xcassets */,
				6EC6BC702A1ACD7D00021FA7 /* lottie.json */,
				6E92CE502A0838D00043365D /* LaunchScreen.storyboard */,
				6E92CE532A0838D00043365D /* Info.plist */,
				6EC6BC7B2A1BD23900021FA7 /* ScannedFiles.xcdatamodeld */,
			);
			path = OCRMobile;
			sourceTree = "<group>";
		};
		6E92CE5B2A0838D00043365D /* OCRMobileTests */ = {
			isa = PBXGroup;
			children = (
				6E92CE5C2A0838D00043365D /* OCRMobileTests.swift */,
			);
			path = OCRMobileTests;
			sourceTree = "<group>";
		};
		6E92CE652A0838D00043365D /* OCRMobileUITests */ = {
			isa = PBXGroup;
			children = (
				6E92CE662A0838D00043365D /* OCRMobileUITests.swift */,
				6E92CE682A0838D00043365D /* OCRMobileUITestsLaunchTests.swift */,
			);
			path = OCRMobileUITests;
			sourceTree = "<group>";
		};
		6E92CE752A084F2C0043365D /* Scene */ = {
			isa = PBXGroup;
			children = (
				6E03504B2A0D82D400ECAD22 /* Auth */,
				6E92CE7B2A0850180043365D /* Main */,
			);
			path = Scene;
			sourceTree = "<group>";
		};
		6E92CE762A084F370043365D /* Network */ = {
			isa = PBXGroup;
			children = (
				6E4010DC2A096E140035804F /* Core */,
				6E4010DB2A096DA90035804F /* Home */,
			);
			path = Network;
			sourceTree = "<group>";
		};
		6E92CE772A084F3E0043365D /* Extension */ = {
			isa = PBXGroup;
			children = (
				6EEF28A52A19083D0074536D /* Directory + Extension.swift */,
				6EEF28B52A196AF50074536D /* UImageView + Extension.swift */,
				6EC46BE52A1F6A4600849B2C /* UITableView + Extension.swift */,
				6EC46BE72A1F700900849B2C /* NibReuseProtocol.swift */,
				6EC46C012A20CCF000849B2C /* UIView + Extension.swift */,
			);
			path = Extension;
			sourceTree = "<group>";
		};
		6E92CE7A2A08500C0043365D /* Loading */ = {
			isa = PBXGroup;
			children = (
				6E0350462A0D800C00ECAD22 /* LoadingCoordinator.swift */,
				6E03504A2A0D828F00ECAD22 /* View */,
				6E0350482A0D827B00ECAD22 /* ViewModel */,
			);
			path = Loading;
			sourceTree = "<group>";
		};
		6E92CE7B2A0850180043365D /* Main */ = {
			isa = PBXGroup;
			children = (
				6E03502A2A0D750500ECAD22 /* Main.storyboard */,
				6E0350572A0DA02C00ECAD22 /* MainTabbarController.swift */,
				6E03502E2A0D757600ECAD22 /* MainCoordinator.swift */,
				6EC46BF52A1FA32E00849B2C /* Camera Scanner */,
				6EC46BFA2A20A9DE00849B2C /* Home */,
				6E0350292A0D74CC00ECAD22 /* Settings */,
			);
			path = Main;
			sourceTree = "<group>";
		};
		6E984DFE2A0914D6007D2E41 /* Assets */ = {
			isa = PBXGroup;
			children = (
				6E984E002A09153F007D2E41 /* Fonts */,
			);
			path = Assets;
			sourceTree = "<group>";
		};
		6E984E002A09153F007D2E41 /* Fonts */ = {
			isa = PBXGroup;
			children = (
				6E984DFF2A09153C007D2E41 /* Poppins-Bold.ttf */,
				6E984E042A091566007D2E41 /* Poppins-SemiBold.ttf */,
				6E984E022A09155B007D2E41 /* Poppins-Regular.ttf */,
				6E984E012A09154E007D2E41 /* Poppins-ExtraBold.ttf */,
			);
			path = Fonts;
			sourceTree = "<group>";
		};
		6EC46BEF2A1F99B600849B2C /* LanguageTableCell */ = {
			isa = PBXGroup;
			children = (
				6EC46BF12A1F99FC00849B2C /* LanguageTableViewCell.swift */,
				6EC46BF22A1F99FC00849B2C /* LanguageTableViewCell.xib */,
			);
			path = LanguageTableCell;
			sourceTree = "<group>";
		};
		6EC46BF02A1F99CA00849B2C /* HistoryCollectionCell */ = {
			isa = PBXGroup;
			children = (
				6EC46BDD2A1E805500849B2C /* HistoryCollectionViewCell.swift */,
				6EC46BDE2A1E805500849B2C /* HistoryCollectionViewCell.xib */,
			);
			path = HistoryCollectionCell;
			sourceTree = "<group>";
		};
		6EC46BF52A1FA32E00849B2C /* Camera Scanner */ = {
			isa = PBXGroup;
			children = (
				6EC46BF62A1FA34500849B2C /* ViewModel */,
				6EC46BF72A1FA35500849B2C /* View */,
			);
			path = "Camera Scanner";
			sourceTree = "<group>";
		};
		6EC46BF62A1FA34500849B2C /* ViewModel */ = {
			isa = PBXGroup;
			children = (
			);
			path = ViewModel;
			sourceTree = "<group>";
		};
		6EC46BF72A1FA35500849B2C /* View */ = {
			isa = PBXGroup;
			children = (
				6EC46BF82A1FA37400849B2C /* CameraScanViewController.swift */,
			);
			path = View;
			sourceTree = "<group>";
		};
		6EC46BFA2A20A9DE00849B2C /* Home */ = {
			isa = PBXGroup;
			children = (
				6EC46C032A20D16200849B2C /* HomeCoordinator.swift */,
				6EC46BFC2A20A9F200849B2C /* ViewModel */,
				6EC46BFB2A20A9ED00849B2C /* View */,
				6E0350272A0D74BE00ECAD22 /* ImageToText */,
			);
			path = Home;
			sourceTree = "<group>";
		};
		6EC46BFB2A20A9ED00849B2C /* View */ = {
			isa = PBXGroup;
			children = (
				6EC46BFD2A20A9FF00849B2C /* HomeViewController.swift */,
			);
			path = View;
			sourceTree = "<group>";
		};
		6EC46BFC2A20A9F200849B2C /* ViewModel */ = {
			isa = PBXGroup;
			children = (
				6EC46C052A20F3CC00849B2C /* HomeViewModel.swift */,
			);
			path = ViewModel;
			sourceTree = "<group>";
		};
		6EC6BC742A1BB07500021FA7 /* View */ = {
			isa = PBXGroup;
			children = (
				6EC46BE32A1E80B800849B2C /* HistoryViewController.swift */,
			);
			path = View;
			sourceTree = "<group>";
		};
		6EC6BC752A1BB07B00021FA7 /* ViewModel */ = {
			isa = PBXGroup;
			children = (
				6EC6BC8A2A1BF82C00021FA7 /* HistoryViewModel.swift */,
			);
			path = ViewModel;
			sourceTree = "<group>";
		};
		6EC6BC962A1CE1D300021FA7 /* View */ = {
			isa = PBXGroup;
			children = (
				6EC6BC722A1BAF5C00021FA7 /* SettingsViewController.swift */,
			);
			path = View;
			sourceTree = "<group>";
		};
		6EC6BC972A1CE1DB00021FA7 /* ViewModel */ = {
			isa = PBXGroup;
			children = (
			);
			path = ViewModel;
			sourceTree = "<group>";
		};
		6EEF28A02A18F9C70074536D /* Custom Component */ = {
			isa = PBXGroup;
			children = (
				6EC46BFF2A20BC2700849B2C /* ScanCardView.swift */,
				6EC6BC8C2A1BFE6800021FA7 /* CardView.swift */,
				6EEF28A12A18F9E60074536D /* AppButton.swift */,
				6EEF28B02A195E5D0074536D /* Cells */,
			);
			path = "Custom Component";
			sourceTree = "<group>";
		};
		6EEF28B02A195E5D0074536D /* Cells */ = {
			isa = PBXGroup;
			children = (
				6EC46BF02A1F99CA00849B2C /* HistoryCollectionCell */,
				6EC46BEF2A1F99B600849B2C /* LanguageTableCell */,
			);
			path = Cells;
			sourceTree = "<group>";
		};
		756650A3FDD317EE9B80596E /* Pods */ = {
			isa = PBXGroup;
			children = (
				7729973A20815E55420FD611 /* Pods-OCRMobile.debug.xcconfig */,
				F584D100BF68C44D0F162A00 /* Pods-OCRMobile.release.xcconfig */,
				2EF480CA4FE07A8320279085 /* Pods-OCRMobile-OCRMobileUITests.debug.xcconfig */,
				2E396C25E4A98EED9BC3B53B /* Pods-OCRMobile-OCRMobileUITests.release.xcconfig */,
				EBB0FA651057E7B4DA5EF01F /* Pods-OCRMobileTests.debug.xcconfig */,
				6F59003DF276968CE570A1D1 /* Pods-OCRMobileTests.release.xcconfig */,
			);
			path = Pods;
			sourceTree = "<group>";
		};
/* End PBXGroup section */

/* Begin PBXNativeTarget section */
		6E92CE412A0838CF0043365D /* OCRMobile */ = {
			isa = PBXNativeTarget;
			buildConfigurationList = 6E92CE6C2A0838D00043365D /* Build configuration list for PBXNativeTarget "OCRMobile" */;
			buildPhases = (
				A2302CD58B67249980F1BE50 /* [CP] Check Pods Manifest.lock */,
				6E92CE3E2A0838CF0043365D /* Sources */,
				6E92CE3F2A0838CF0043365D /* Frameworks */,
				6E92CE402A0838CF0043365D /* Resources */,
				49D7F5387EA326C2A5F46D8B /* [CP] Embed Pods Frameworks */,
			);
			buildRules = (
			);
			dependencies = (
			);
			name = OCRMobile;
			productName = OCRMobile;
			productReference = 6E92CE422A0838CF0043365D /* OCRMobile.app */;
			productType = "com.apple.product-type.application";
		};
		6E92CE572A0838D00043365D /* OCRMobileTests */ = {
			isa = PBXNativeTarget;
			buildConfigurationList = 6E92CE6F2A0838D00043365D /* Build configuration list for PBXNativeTarget "OCRMobileTests" */;
			buildPhases = (
				2B0A14EE2F7B956DD4F215EC /* [CP] Check Pods Manifest.lock */,
				6E92CE542A0838D00043365D /* Sources */,
				6E92CE552A0838D00043365D /* Frameworks */,
				6E92CE562A0838D00043365D /* Resources */,
			);
			buildRules = (
			);
			dependencies = (
				6E92CE5A2A0838D00043365D /* PBXTargetDependency */,
			);
			name = OCRMobileTests;
			productName = OCRMobileTests;
			productReference = 6E92CE582A0838D00043365D /* OCRMobileTests.xctest */;
			productType = "com.apple.product-type.bundle.unit-test";
		};
		6E92CE612A0838D00043365D /* OCRMobileUITests */ = {
			isa = PBXNativeTarget;
			buildConfigurationList = 6E92CE722A0838D00043365D /* Build configuration list for PBXNativeTarget "OCRMobileUITests" */;
			buildPhases = (
				0FA972EE217230E59060BB8D /* [CP] Check Pods Manifest.lock */,
				6E92CE5E2A0838D00043365D /* Sources */,
				6E92CE5F2A0838D00043365D /* Frameworks */,
				6E92CE602A0838D00043365D /* Resources */,
				F96704AF862C7F34242A3D7E /* [CP] Embed Pods Frameworks */,
			);
			buildRules = (
			);
			dependencies = (
				6E92CE642A0838D00043365D /* PBXTargetDependency */,
			);
			name = OCRMobileUITests;
			productName = OCRMobileUITests;
			productReference = 6E92CE622A0838D00043365D /* OCRMobileUITests.xctest */;
			productType = "com.apple.product-type.bundle.ui-testing";
		};
/* End PBXNativeTarget section */

/* Begin PBXProject section */
		6E92CE3A2A0838CF0043365D /* Project object */ = {
			isa = PBXProject;
			attributes = {
				BuildIndependentTargetsInParallel = 1;
				LastSwiftUpdateCheck = 1430;
				LastUpgradeCheck = 1430;
				TargetAttributes = {
					6E92CE412A0838CF0043365D = {
						CreatedOnToolsVersion = 14.3;
					};
					6E92CE572A0838D00043365D = {
						CreatedOnToolsVersion = 14.3;
						TestTargetID = 6E92CE412A0838CF0043365D;
					};
					6E92CE612A0838D00043365D = {
						CreatedOnToolsVersion = 14.3;
						TestTargetID = 6E92CE412A0838CF0043365D;
					};
				};
			};
			buildConfigurationList = 6E92CE3D2A0838CF0043365D /* Build configuration list for PBXProject "OCRMobile" */;
			compatibilityVersion = "Xcode 14.0";
			developmentRegion = en;
			hasScannedForEncodings = 0;
			knownRegions = (
				en,
				Base,
			);
			mainGroup = 6E92CE392A0838CF0043365D;
			productRefGroup = 6E92CE432A0838CF0043365D /* Products */;
			projectDirPath = "";
			projectRoot = "";
			targets = (
				6E92CE412A0838CF0043365D /* OCRMobile */,
				6E92CE572A0838D00043365D /* OCRMobileTests */,
				6E92CE612A0838D00043365D /* OCRMobileUITests */,
			);
		};
/* End PBXProject section */

/* Begin PBXResourcesBuildPhase section */
		6E92CE402A0838CF0043365D /* Resources */ = {
			isa = PBXResourcesBuildPhase;
			buildActionMask = 2147483647;
			files = (
				6EC46BF42A1F99FC00849B2C /* LanguageTableViewCell.xib in Resources */,
				6EC6BC712A1ACD7D00021FA7 /* lottie.json in Resources */,
				6E0350522A0D9F3D00ECAD22 /* Main.storyboard in Resources */,
				6E0350512A0D9F3800ECAD22 /* Auth.storyboard in Resources */,
				6EC46BE02A1E805500849B2C /* HistoryCollectionViewCell.xib in Resources */,
				6E92CE522A0838D00043365D /* LaunchScreen.storyboard in Resources */,
				6E92CE4F2A0838D00043365D /* Assets.xcassets in Resources */,
			);
			runOnlyForDeploymentPostprocessing = 0;
		};
		6E92CE562A0838D00043365D /* Resources */ = {
			isa = PBXResourcesBuildPhase;
			buildActionMask = 2147483647;
			files = (
			);
			runOnlyForDeploymentPostprocessing = 0;
		};
		6E92CE602A0838D00043365D /* Resources */ = {
			isa = PBXResourcesBuildPhase;
			buildActionMask = 2147483647;
			files = (
			);
			runOnlyForDeploymentPostprocessing = 0;
		};
/* End PBXResourcesBuildPhase section */

/* Begin PBXShellScriptBuildPhase section */
		0FA972EE217230E59060BB8D /* [CP] Check Pods Manifest.lock */ = {
			isa = PBXShellScriptBuildPhase;
			buildActionMask = 2147483647;
			files = (
			);
			inputFileListPaths = (
			);
			inputPaths = (
				"${PODS_PODFILE_DIR_PATH}/Podfile.lock",
				"${PODS_ROOT}/Manifest.lock",
			);
			name = "[CP] Check Pods Manifest.lock";
			outputFileListPaths = (
			);
			outputPaths = (
				"$(DERIVED_FILE_DIR)/Pods-OCRMobile-OCRMobileUITests-checkManifestLockResult.txt",
			);
			runOnlyForDeploymentPostprocessing = 0;
			shellPath = /bin/sh;
			shellScript = "diff \"${PODS_PODFILE_DIR_PATH}/Podfile.lock\" \"${PODS_ROOT}/Manifest.lock\" > /dev/null\nif [ $? != 0 ] ; then\n    # print error to STDERR\n    echo \"error: The sandbox is not in sync with the Podfile.lock. Run 'pod install' or update your CocoaPods installation.\" >&2\n    exit 1\nfi\n# This output is used by Xcode 'outputs' to avoid re-running this script phase.\necho \"SUCCESS\" > \"${SCRIPT_OUTPUT_FILE_0}\"\n";
			showEnvVarsInLog = 0;
		};
		2B0A14EE2F7B956DD4F215EC /* [CP] Check Pods Manifest.lock */ = {
			isa = PBXShellScriptBuildPhase;
			buildActionMask = 2147483647;
			files = (
			);
			inputFileListPaths = (
			);
			inputPaths = (
				"${PODS_PODFILE_DIR_PATH}/Podfile.lock",
				"${PODS_ROOT}/Manifest.lock",
			);
			name = "[CP] Check Pods Manifest.lock";
			outputFileListPaths = (
			);
			outputPaths = (
				"$(DERIVED_FILE_DIR)/Pods-OCRMobileTests-checkManifestLockResult.txt",
			);
			runOnlyForDeploymentPostprocessing = 0;
			shellPath = /bin/sh;
			shellScript = "diff \"${PODS_PODFILE_DIR_PATH}/Podfile.lock\" \"${PODS_ROOT}/Manifest.lock\" > /dev/null\nif [ $? != 0 ] ; then\n    # print error to STDERR\n    echo \"error: The sandbox is not in sync with the Podfile.lock. Run 'pod install' or update your CocoaPods installation.\" >&2\n    exit 1\nfi\n# This output is used by Xcode 'outputs' to avoid re-running this script phase.\necho \"SUCCESS\" > \"${SCRIPT_OUTPUT_FILE_0}\"\n";
			showEnvVarsInLog = 0;
		};
		49D7F5387EA326C2A5F46D8B /* [CP] Embed Pods Frameworks */ = {
			isa = PBXShellScriptBuildPhase;
			buildActionMask = 2147483647;
			files = (
			);
			inputFileListPaths = (
				"${PODS_ROOT}/Target Support Files/Pods-OCRMobile/Pods-OCRMobile-frameworks-${CONFIGURATION}-input-files.xcfilelist",
			);
			name = "[CP] Embed Pods Frameworks";
			outputFileListPaths = (
				"${PODS_ROOT}/Target Support Files/Pods-OCRMobile/Pods-OCRMobile-frameworks-${CONFIGURATION}-output-files.xcfilelist",
			);
			runOnlyForDeploymentPostprocessing = 0;
			shellPath = /bin/sh;
			shellScript = "\"${PODS_ROOT}/Target Support Files/Pods-OCRMobile/Pods-OCRMobile-frameworks.sh\"\n";
			showEnvVarsInLog = 0;
		};
		A2302CD58B67249980F1BE50 /* [CP] Check Pods Manifest.lock */ = {
			isa = PBXShellScriptBuildPhase;
			buildActionMask = 2147483647;
			files = (
			);
			inputFileListPaths = (
			);
			inputPaths = (
				"${PODS_PODFILE_DIR_PATH}/Podfile.lock",
				"${PODS_ROOT}/Manifest.lock",
			);
			name = "[CP] Check Pods Manifest.lock";
			outputFileListPaths = (
			);
			outputPaths = (
				"$(DERIVED_FILE_DIR)/Pods-OCRMobile-checkManifestLockResult.txt",
			);
			runOnlyForDeploymentPostprocessing = 0;
			shellPath = /bin/sh;
			shellScript = "diff \"${PODS_PODFILE_DIR_PATH}/Podfile.lock\" \"${PODS_ROOT}/Manifest.lock\" > /dev/null\nif [ $? != 0 ] ; then\n    # print error to STDERR\n    echo \"error: The sandbox is not in sync with the Podfile.lock. Run 'pod install' or update your CocoaPods installation.\" >&2\n    exit 1\nfi\n# This output is used by Xcode 'outputs' to avoid re-running this script phase.\necho \"SUCCESS\" > \"${SCRIPT_OUTPUT_FILE_0}\"\n";
			showEnvVarsInLog = 0;
		};
		F96704AF862C7F34242A3D7E /* [CP] Embed Pods Frameworks */ = {
			isa = PBXShellScriptBuildPhase;
			buildActionMask = 2147483647;
			files = (
			);
			inputFileListPaths = (
				"${PODS_ROOT}/Target Support Files/Pods-OCRMobile-OCRMobileUITests/Pods-OCRMobile-OCRMobileUITests-frameworks-${CONFIGURATION}-input-files.xcfilelist",
			);
			name = "[CP] Embed Pods Frameworks";
			outputFileListPaths = (
				"${PODS_ROOT}/Target Support Files/Pods-OCRMobile-OCRMobileUITests/Pods-OCRMobile-OCRMobileUITests-frameworks-${CONFIGURATION}-output-files.xcfilelist",
			);
			runOnlyForDeploymentPostprocessing = 0;
			shellPath = /bin/sh;
			shellScript = "\"${PODS_ROOT}/Target Support Files/Pods-OCRMobile-OCRMobileUITests/Pods-OCRMobile-OCRMobileUITests-frameworks.sh\"\n";
			showEnvVarsInLog = 0;
		};
/* End PBXShellScriptBuildPhase section */

/* Begin PBXSourcesBuildPhase section */
		6E92CE3E2A0838CF0043365D /* Sources */ = {
			isa = PBXSourcesBuildPhase;
			buildActionMask = 2147483647;
			files = (
				6E4010E02A096E470035804F /* NetworkManager.swift in Sources */,
				6EEF28A42A18FA120074536D /* Constant.swift in Sources */,
				6E0350422A0D7BCA00ECAD22 /* HomeManager.swift in Sources */,
				6EC46C062A20F3CC00849B2C /* HomeViewModel.swift in Sources */,
				6E03503B2A0D790200ECAD22 /* ImageToTextCoordinator.swift in Sources */,
				6E03502F2A0D757600ECAD22 /* MainCoordinator.swift in Sources */,
				6EC46C042A20D16200849B2C /* HomeCoordinator.swift in Sources */,
				6EC6BC6C2A1AAF1300021FA7 /* Recognize.swift in Sources */,
				6EC46BF32A1F99FC00849B2C /* LanguageTableViewCell.swift in Sources */,
				6EEF28B62A196AF50074536D /* UImageView + Extension.swift in Sources */,
				6EEF28A22A18F9E60074536D /* AppButton.swift in Sources */,
				6EC46BE62A1F6A4600849B2C /* UITableView + Extension.swift in Sources */,
				6E03505A2A0DA62B00ECAD22 /* LoadingViewController.swift in Sources */,
				6EC46BFE2A20A9FF00849B2C /* HomeViewController.swift in Sources */,
				6EEF28AD2A195D150074536D /* LanguageViewController.swift in Sources */,
				6EEF28A62A19083D0074536D /* Directory + Extension.swift in Sources */,
				6EC6BC7D2A1BD23900021FA7 /* ScannedFiles.xcdatamodeld in Sources */,
				6EC6BC8B2A1BF82C00021FA7 /* HistoryViewModel.swift in Sources */,
				6EEF28AF2A195E2A0074536D /* ImageToTextScannerViewModel.swift in Sources */,
				6E92CE462A0838CF0043365D /* AppDelegate.swift in Sources */,
				6EC46BE42A1E80B800849B2C /* HistoryViewController.swift in Sources */,
				6E4010DE2A096E230035804F /* NetworkHelper.swift in Sources */,
				6E92CE482A0838CF0043365D /* SceneDelegate.swift in Sources */,
				6E4010E42A096E8C0035804F /* HomeHelper.swift in Sources */,
				6E0350472A0D800C00ECAD22 /* LoadingCoordinator.swift in Sources */,
				6E0350392A0D782300ECAD22 /* ImagetoTextScannerViewController.swift in Sources */,
				6EEF28A82A194C270074536D /* Languages.swift in Sources */,
				6EC6BC732A1BAF5C00021FA7 /* SettingsViewController.swift in Sources */,
				6EC6BC772A1BB0AC00021FA7 /* HistoryCoordinator.swift in Sources */,
				6EC46BE82A1F700900849B2C /* NibReuseProtocol.swift in Sources */,
				6EC46BEC2A1F97B900849B2C /* History + CoreData.swift in Sources */,
				6E0350342A0D762D00ECAD22 /* Storyboarded.swift in Sources */,
				6E0350582A0DA02C00ECAD22 /* MainTabbarController.swift in Sources */,
				6EC46BDF2A1E805500849B2C /* HistoryCollectionViewCell.swift in Sources */,
				6EC46C022A20CCF000849B2C /* UIView + Extension.swift in Sources */,
				6E03503E2A0D79A700ECAD22 /* AlertViewHelper.swift in Sources */,
				6EC46BEE2A1F97F700849B2C /* History + CoreDataProperties.swift in Sources */,
				6EC46BF92A1FA37400849B2C /* CameraScanViewController.swift in Sources */,
				6E0350322A0D75AE00ECAD22 /* Coordinator.swift in Sources */,
				6E03504F2A0D891E00ECAD22 /* LoadingViewModel.swift in Sources */,
				6EC6BC8D2A1BFE6800021FA7 /* CardView.swift in Sources */,
				6EC46C002A20BC2700849B2C /* ScanCardView.swift in Sources */,
			);
			runOnlyForDeploymentPostprocessing = 0;
		};
		6E92CE542A0838D00043365D /* Sources */ = {
			isa = PBXSourcesBuildPhase;
			buildActionMask = 2147483647;
			files = (
				6E92CE5D2A0838D00043365D /* OCRMobileTests.swift in Sources */,
			);
			runOnlyForDeploymentPostprocessing = 0;
		};
		6E92CE5E2A0838D00043365D /* Sources */ = {
			isa = PBXSourcesBuildPhase;
			buildActionMask = 2147483647;
			files = (
				6E92CE672A0838D00043365D /* OCRMobileUITests.swift in Sources */,
				6E92CE692A0838D00043365D /* OCRMobileUITestsLaunchTests.swift in Sources */,
			);
			runOnlyForDeploymentPostprocessing = 0;
		};
/* End PBXSourcesBuildPhase section */

/* Begin PBXTargetDependency section */
		6E92CE5A2A0838D00043365D /* PBXTargetDependency */ = {
			isa = PBXTargetDependency;
			target = 6E92CE412A0838CF0043365D /* OCRMobile */;
			targetProxy = 6E92CE592A0838D00043365D /* PBXContainerItemProxy */;
		};
		6E92CE642A0838D00043365D /* PBXTargetDependency */ = {
			isa = PBXTargetDependency;
			target = 6E92CE412A0838CF0043365D /* OCRMobile */;
			targetProxy = 6E92CE632A0838D00043365D /* PBXContainerItemProxy */;
		};
/* End PBXTargetDependency section */

/* Begin PBXVariantGroup section */
		6E92CE502A0838D00043365D /* LaunchScreen.storyboard */ = {
			isa = PBXVariantGroup;
			children = (
				6E92CE512A0838D00043365D /* Base */,
			);
			name = LaunchScreen.storyboard;
			sourceTree = "<group>";
		};
/* End PBXVariantGroup section */

/* Begin XCBuildConfiguration section */
		6E92CE6A2A0838D00043365D /* Debug */ = {
			isa = XCBuildConfiguration;
			buildSettings = {
				ALWAYS_SEARCH_USER_PATHS = NO;
				CLANG_ANALYZER_NONNULL = YES;
				CLANG_ANALYZER_NUMBER_OBJECT_CONVERSION = YES_AGGRESSIVE;
				CLANG_CXX_LANGUAGE_STANDARD = "gnu++20";
				CLANG_ENABLE_MODULES = YES;
				CLANG_ENABLE_OBJC_ARC = YES;
				CLANG_ENABLE_OBJC_WEAK = YES;
				CLANG_WARN_BLOCK_CAPTURE_AUTORELEASING = YES;
				CLANG_WARN_BOOL_CONVERSION = YES;
				CLANG_WARN_COMMA = YES;
				CLANG_WARN_CONSTANT_CONVERSION = YES;
				CLANG_WARN_DEPRECATED_OBJC_IMPLEMENTATIONS = YES;
				CLANG_WARN_DIRECT_OBJC_ISA_USAGE = YES_ERROR;
				CLANG_WARN_DOCUMENTATION_COMMENTS = YES;
				CLANG_WARN_EMPTY_BODY = YES;
				CLANG_WARN_ENUM_CONVERSION = YES;
				CLANG_WARN_INFINITE_RECURSION = YES;
				CLANG_WARN_INT_CONVERSION = YES;
				CLANG_WARN_NON_LITERAL_NULL_CONVERSION = YES;
				CLANG_WARN_OBJC_IMPLICIT_RETAIN_SELF = YES;
				CLANG_WARN_OBJC_LITERAL_CONVERSION = YES;
				CLANG_WARN_OBJC_ROOT_CLASS = YES_ERROR;
				CLANG_WARN_QUOTED_INCLUDE_IN_FRAMEWORK_HEADER = YES;
				CLANG_WARN_RANGE_LOOP_ANALYSIS = YES;
				CLANG_WARN_STRICT_PROTOTYPES = YES;
				CLANG_WARN_SUSPICIOUS_MOVE = YES;
				CLANG_WARN_UNGUARDED_AVAILABILITY = YES_AGGRESSIVE;
				CLANG_WARN_UNREACHABLE_CODE = YES;
				CLANG_WARN__DUPLICATE_METHOD_MATCH = YES;
				COPY_PHASE_STRIP = NO;
				DEBUG_INFORMATION_FORMAT = dwarf;
				ENABLE_STRICT_OBJC_MSGSEND = YES;
				ENABLE_TESTABILITY = YES;
				GCC_C_LANGUAGE_STANDARD = gnu11;
				GCC_DYNAMIC_NO_PIC = NO;
				GCC_NO_COMMON_BLOCKS = YES;
				GCC_OPTIMIZATION_LEVEL = 0;
				GCC_PREPROCESSOR_DEFINITIONS = (
					"DEBUG=1",
					"$(inherited)",
				);
				GCC_WARN_64_TO_32_BIT_CONVERSION = YES;
				GCC_WARN_ABOUT_RETURN_TYPE = YES_ERROR;
				GCC_WARN_UNDECLARED_SELECTOR = YES;
				GCC_WARN_UNINITIALIZED_AUTOS = YES_AGGRESSIVE;
				GCC_WARN_UNUSED_FUNCTION = YES;
				GCC_WARN_UNUSED_VARIABLE = YES;
				IPHONEOS_DEPLOYMENT_TARGET = 16.4;
				MTL_ENABLE_DEBUG_INFO = INCLUDE_SOURCE;
				MTL_FAST_MATH = YES;
				ONLY_ACTIVE_ARCH = YES;
				SDKROOT = iphoneos;
				SWIFT_ACTIVE_COMPILATION_CONDITIONS = DEBUG;
				SWIFT_OPTIMIZATION_LEVEL = "-Onone";
			};
			name = Debug;
		};
		6E92CE6B2A0838D00043365D /* Release */ = {
			isa = XCBuildConfiguration;
			buildSettings = {
				ALWAYS_SEARCH_USER_PATHS = NO;
				CLANG_ANALYZER_NONNULL = YES;
				CLANG_ANALYZER_NUMBER_OBJECT_CONVERSION = YES_AGGRESSIVE;
				CLANG_CXX_LANGUAGE_STANDARD = "gnu++20";
				CLANG_ENABLE_MODULES = YES;
				CLANG_ENABLE_OBJC_ARC = YES;
				CLANG_ENABLE_OBJC_WEAK = YES;
				CLANG_WARN_BLOCK_CAPTURE_AUTORELEASING = YES;
				CLANG_WARN_BOOL_CONVERSION = YES;
				CLANG_WARN_COMMA = YES;
				CLANG_WARN_CONSTANT_CONVERSION = YES;
				CLANG_WARN_DEPRECATED_OBJC_IMPLEMENTATIONS = YES;
				CLANG_WARN_DIRECT_OBJC_ISA_USAGE = YES_ERROR;
				CLANG_WARN_DOCUMENTATION_COMMENTS = YES;
				CLANG_WARN_EMPTY_BODY = YES;
				CLANG_WARN_ENUM_CONVERSION = YES;
				CLANG_WARN_INFINITE_RECURSION = YES;
				CLANG_WARN_INT_CONVERSION = YES;
				CLANG_WARN_NON_LITERAL_NULL_CONVERSION = YES;
				CLANG_WARN_OBJC_IMPLICIT_RETAIN_SELF = YES;
				CLANG_WARN_OBJC_LITERAL_CONVERSION = YES;
				CLANG_WARN_OBJC_ROOT_CLASS = YES_ERROR;
				CLANG_WARN_QUOTED_INCLUDE_IN_FRAMEWORK_HEADER = YES;
				CLANG_WARN_RANGE_LOOP_ANALYSIS = YES;
				CLANG_WARN_STRICT_PROTOTYPES = YES;
				CLANG_WARN_SUSPICIOUS_MOVE = YES;
				CLANG_WARN_UNGUARDED_AVAILABILITY = YES_AGGRESSIVE;
				CLANG_WARN_UNREACHABLE_CODE = YES;
				CLANG_WARN__DUPLICATE_METHOD_MATCH = YES;
				COPY_PHASE_STRIP = NO;
				DEBUG_INFORMATION_FORMAT = "dwarf-with-dsym";
				ENABLE_NS_ASSERTIONS = NO;
				ENABLE_STRICT_OBJC_MSGSEND = YES;
				GCC_C_LANGUAGE_STANDARD = gnu11;
				GCC_NO_COMMON_BLOCKS = YES;
				GCC_WARN_64_TO_32_BIT_CONVERSION = YES;
				GCC_WARN_ABOUT_RETURN_TYPE = YES_ERROR;
				GCC_WARN_UNDECLARED_SELECTOR = YES;
				GCC_WARN_UNINITIALIZED_AUTOS = YES_AGGRESSIVE;
				GCC_WARN_UNUSED_FUNCTION = YES;
				GCC_WARN_UNUSED_VARIABLE = YES;
				IPHONEOS_DEPLOYMENT_TARGET = 16.4;
				MTL_ENABLE_DEBUG_INFO = NO;
				MTL_FAST_MATH = YES;
				SDKROOT = iphoneos;
				SWIFT_COMPILATION_MODE = wholemodule;
				SWIFT_OPTIMIZATION_LEVEL = "-O";
				VALIDATE_PRODUCT = YES;
			};
			name = Release;
		};
		6E92CE6D2A0838D00043365D /* Debug */ = {
			isa = XCBuildConfiguration;
			baseConfigurationReference = 7729973A20815E55420FD611 /* Pods-OCRMobile.debug.xcconfig */;
			buildSettings = {
				ASSETCATALOG_COMPILER_APPICON_NAME = AppIcon;
				ASSETCATALOG_COMPILER_GLOBAL_ACCENT_COLOR_NAME = AccentColor;
				CODE_SIGN_ENTITLEMENTS = OCRMobile/OCRMobile.entitlements;
				CODE_SIGN_STYLE = Automatic;
				CURRENT_PROJECT_VERSION = 1;
				DEVELOPMENT_TEAM = 6RYG55F8TD;
				GENERATE_INFOPLIST_FILE = YES;
				INFOPLIST_FILE = OCRMobile/Info.plist;
				INFOPLIST_KEY_NSCameraUsageDescription = "Play wants to use your Camera";
				INFOPLIST_KEY_UIApplicationSupportsIndirectInputEvents = YES;
				INFOPLIST_KEY_UILaunchStoryboardName = LaunchScreen;
				INFOPLIST_KEY_UISupportedInterfaceOrientations = UIInterfaceOrientationPortrait;
				LD_RUNPATH_SEARCH_PATHS = (
					"$(inherited)",
					"@executable_path/Frameworks",
				);
				MARKETING_VERSION = 1.0;
				PRODUCT_BUNDLE_IDENTIFIER = kenanbylan.ocrmobile;
				PRODUCT_NAME = "$(TARGET_NAME)";
				SWIFT_EMIT_LOC_STRINGS = YES;
				SWIFT_VERSION = 5.0;
				TARGETED_DEVICE_FAMILY = "1,2";
			};
			name = Debug;
		};
		6E92CE6E2A0838D00043365D /* Release */ = {
			isa = XCBuildConfiguration;
			baseConfigurationReference = F584D100BF68C44D0F162A00 /* Pods-OCRMobile.release.xcconfig */;
			buildSettings = {
				ASSETCATALOG_COMPILER_APPICON_NAME = AppIcon;
				ASSETCATALOG_COMPILER_GLOBAL_ACCENT_COLOR_NAME = AccentColor;
				CODE_SIGN_ENTITLEMENTS = OCRMobile/OCRMobile.entitlements;
				CODE_SIGN_STYLE = Automatic;
				CURRENT_PROJECT_VERSION = 1;
				DEVELOPMENT_TEAM = 6RYG55F8TD;
				GENERATE_INFOPLIST_FILE = YES;
				INFOPLIST_FILE = OCRMobile/Info.plist;
				INFOPLIST_KEY_NSCameraUsageDescription = "Play wants to use your Camera";
				INFOPLIST_KEY_UIApplicationSupportsIndirectInputEvents = YES;
				INFOPLIST_KEY_UILaunchStoryboardName = LaunchScreen;
				INFOPLIST_KEY_UISupportedInterfaceOrientations = UIInterfaceOrientationPortrait;
				LD_RUNPATH_SEARCH_PATHS = (
					"$(inherited)",
					"@executable_path/Frameworks",
				);
				MARKETING_VERSION = 1.0;
				PRODUCT_BUNDLE_IDENTIFIER = kenanbylan.ocrmobile;
				PRODUCT_NAME = "$(TARGET_NAME)";
				SWIFT_EMIT_LOC_STRINGS = YES;
				SWIFT_VERSION = 5.0;
				TARGETED_DEVICE_FAMILY = "1,2";
			};
			name = Release;
		};
		6E92CE702A0838D00043365D /* Debug */ = {
			isa = XCBuildConfiguration;
			baseConfigurationReference = EBB0FA651057E7B4DA5EF01F /* Pods-OCRMobileTests.debug.xcconfig */;
			buildSettings = {
				ALWAYS_EMBED_SWIFT_STANDARD_LIBRARIES = YES;
				BUNDLE_LOADER = "$(TEST_HOST)";
				CODE_SIGN_STYLE = Automatic;
				CURRENT_PROJECT_VERSION = 1;
				DEVELOPMENT_TEAM = 6RYG55F8TD;
				GENERATE_INFOPLIST_FILE = YES;
				IPHONEOS_DEPLOYMENT_TARGET = 16.4;
				MARKETING_VERSION = 1.0;
				PRODUCT_BUNDLE_IDENTIFIER = kenanbylan.OCRMobileTests;
				PRODUCT_NAME = "$(TARGET_NAME)";
				SWIFT_EMIT_LOC_STRINGS = NO;
				SWIFT_VERSION = 5.0;
				TARGETED_DEVICE_FAMILY = "1,2";
				TEST_HOST = "$(BUILT_PRODUCTS_DIR)/OCRMobile.app/$(BUNDLE_EXECUTABLE_FOLDER_PATH)/OCRMobile";
			};
			name = Debug;
		};
		6E92CE712A0838D00043365D /* Release */ = {
			isa = XCBuildConfiguration;
			baseConfigurationReference = 6F59003DF276968CE570A1D1 /* Pods-OCRMobileTests.release.xcconfig */;
			buildSettings = {
				ALWAYS_EMBED_SWIFT_STANDARD_LIBRARIES = YES;
				BUNDLE_LOADER = "$(TEST_HOST)";
				CODE_SIGN_STYLE = Automatic;
				CURRENT_PROJECT_VERSION = 1;
				DEVELOPMENT_TEAM = 6RYG55F8TD;
				GENERATE_INFOPLIST_FILE = YES;
				IPHONEOS_DEPLOYMENT_TARGET = 16.4;
				MARKETING_VERSION = 1.0;
				PRODUCT_BUNDLE_IDENTIFIER = kenanbylan.OCRMobileTests;
				PRODUCT_NAME = "$(TARGET_NAME)";
				SWIFT_EMIT_LOC_STRINGS = NO;
				SWIFT_VERSION = 5.0;
				TARGETED_DEVICE_FAMILY = "1,2";
				TEST_HOST = "$(BUILT_PRODUCTS_DIR)/OCRMobile.app/$(BUNDLE_EXECUTABLE_FOLDER_PATH)/OCRMobile";
			};
			name = Release;
		};
		6E92CE732A0838D00043365D /* Debug */ = {
			isa = XCBuildConfiguration;
			baseConfigurationReference = 2EF480CA4FE07A8320279085 /* Pods-OCRMobile-OCRMobileUITests.debug.xcconfig */;
			buildSettings = {
				ALWAYS_EMBED_SWIFT_STANDARD_LIBRARIES = YES;
				CODE_SIGN_STYLE = Automatic;
				CURRENT_PROJECT_VERSION = 1;
				DEVELOPMENT_TEAM = 6RYG55F8TD;
				GENERATE_INFOPLIST_FILE = YES;
				MARKETING_VERSION = 1.0;
				PRODUCT_BUNDLE_IDENTIFIER = kenanbylan.OCRMobileUITests;
				PRODUCT_NAME = "$(TARGET_NAME)";
				SWIFT_EMIT_LOC_STRINGS = NO;
				SWIFT_VERSION = 5.0;
				TARGETED_DEVICE_FAMILY = "1,2";
				TEST_TARGET_NAME = OCRMobile;
			};
			name = Debug;
		};
		6E92CE742A0838D00043365D /* Release */ = {
			isa = XCBuildConfiguration;
			baseConfigurationReference = 2E396C25E4A98EED9BC3B53B /* Pods-OCRMobile-OCRMobileUITests.release.xcconfig */;
			buildSettings = {
				ALWAYS_EMBED_SWIFT_STANDARD_LIBRARIES = YES;
				CODE_SIGN_STYLE = Automatic;
				CURRENT_PROJECT_VERSION = 1;
				DEVELOPMENT_TEAM = 6RYG55F8TD;
				GENERATE_INFOPLIST_FILE = YES;
				MARKETING_VERSION = 1.0;
				PRODUCT_BUNDLE_IDENTIFIER = kenanbylan.OCRMobileUITests;
				PRODUCT_NAME = "$(TARGET_NAME)";
				SWIFT_EMIT_LOC_STRINGS = NO;
				SWIFT_VERSION = 5.0;
				TARGETED_DEVICE_FAMILY = "1,2";
				TEST_TARGET_NAME = OCRMobile;
			};
			name = Release;
		};
/* End XCBuildConfiguration section */

/* Begin XCConfigurationList section */
		6E92CE3D2A0838CF0043365D /* Build configuration list for PBXProject "OCRMobile" */ = {
			isa = XCConfigurationList;
			buildConfigurations = (
				6E92CE6A2A0838D00043365D /* Debug */,
				6E92CE6B2A0838D00043365D /* Release */,
			);
			defaultConfigurationIsVisible = 0;
			defaultConfigurationName = Release;
		};
		6E92CE6C2A0838D00043365D /* Build configuration list for PBXNativeTarget "OCRMobile" */ = {
			isa = XCConfigurationList;
			buildConfigurations = (
				6E92CE6D2A0838D00043365D /* Debug */,
				6E92CE6E2A0838D00043365D /* Release */,
			);
			defaultConfigurationIsVisible = 0;
			defaultConfigurationName = Release;
		};
		6E92CE6F2A0838D00043365D /* Build configuration list for PBXNativeTarget "OCRMobileTests" */ = {
			isa = XCConfigurationList;
			buildConfigurations = (
				6E92CE702A0838D00043365D /* Debug */,
				6E92CE712A0838D00043365D /* Release */,
			);
			defaultConfigurationIsVisible = 0;
			defaultConfigurationName = Release;
		};
		6E92CE722A0838D00043365D /* Build configuration list for PBXNativeTarget "OCRMobileUITests" */ = {
			isa = XCConfigurationList;
			buildConfigurations = (
				6E92CE732A0838D00043365D /* Debug */,
				6E92CE742A0838D00043365D /* Release */,
			);
			defaultConfigurationIsVisible = 0;
			defaultConfigurationName = Release;
		};
/* End XCConfigurationList section */

/* Begin XCVersionGroup section */
		6EC6BC7B2A1BD23900021FA7 /* ScannedFiles.xcdatamodeld */ = {
			isa = XCVersionGroup;
			children = (
				6EC6BC7C2A1BD23900021FA7 /* ScannedFiles.xcdatamodel */,
			);
			currentVersion = 6EC6BC7C2A1BD23900021FA7 /* ScannedFiles.xcdatamodel */;
			path = ScannedFiles.xcdatamodeld;
			sourceTree = "<group>";
			versionGroupType = wrapper.xcdatamodel;
		};
/* End XCVersionGroup section */
	};
	rootObject = 6E92CE3A2A0838CF0043365D /* Project object */;
}
